// !$*UTF8*$!
{
	archiveVersion = 1;
	classes = {
	};
	objectVersion = 50;
	objects = {

/* Begin PBXBuildFile section */
		2B0537AD2345CC220014F83E /* Encodable + Extention.swift in Sources */ = {isa = PBXBuildFile; fileRef = 2B0537A62345CC220014F83E /* Encodable + Extention.swift */; };
		2B0537AF2345CC280014F83E /* ApiManager.swift in Sources */ = {isa = PBXBuildFile; fileRef = 2B0537AE2345CC280014F83E /* ApiManager.swift */; };
		2B0A77A9235FFB4D000554CE /* BaseResponse.swift in Sources */ = {isa = PBXBuildFile; fileRef = 2B0A77A8235FFB4D000554CE /* BaseResponse.swift */; };
		2B0A77AC235FFCCC000554CE /* User.swift in Sources */ = {isa = PBXBuildFile; fileRef = 2B0A77AB235FFCCC000554CE /* User.swift */; };
		2B0A77AE235FFCF4000554CE /* UserRequest.swift in Sources */ = {isa = PBXBuildFile; fileRef = 2B0A77AD235FFCF4000554CE /* UserRequest.swift */; };
		2B0B99DB234305F300E68B7F /* Decision.swift in Sources */ = {isa = PBXBuildFile; fileRef = 2B0B99DA234305F300E68B7F /* Decision.swift */; };
		2B0B99DE2343417F00E68B7F /* RetryDecision.swift in Sources */ = {isa = PBXBuildFile; fileRef = 2B0B99DD2343417F00E68B7F /* RetryDecision.swift */; };
		2B0B99E02343419500E68B7F /* ParseResultDecision.swift in Sources */ = {isa = PBXBuildFile; fileRef = 2B0B99DF2343419500E68B7F /* ParseResultDecision.swift */; };
		2B0B99E22343508400E68B7F /* RefreshTokenDecision.swift in Sources */ = {isa = PBXBuildFile; fileRef = 2B0B99E12343508400E68B7F /* RefreshTokenDecision.swift */; };
		2B0B99E4234354E600E68B7F /* BadResponseStatusCodeDecision.swift in Sources */ = {isa = PBXBuildFile; fileRef = 2B0B99E3234354E600E68B7F /* BadResponseStatusCodeDecision.swift */; };
		2B0C5458237E887700F99058 /* FriedTofu.framework in Frameworks */ = {isa = PBXBuildFile; fileRef = 2B0C544F237E887700F99058 /* FriedTofu.framework */; };
		2B0C545F237E887700F99058 /* FriedTofuTests.swift in Sources */ = {isa = PBXBuildFile; fileRef = 2B0C545E237E887700F99058 /* FriedTofuTests.swift */; };
		2B0C5461237E887700F99058 /* FriedTofu.h in Headers */ = {isa = PBXBuildFile; fileRef = 2B0C5451237E887700F99058 /* FriedTofu.h */; settings = {ATTRIBUTES = (Public, ); }; };
		2B0C5464237E887700F99058 /* FriedTofu.framework in Frameworks */ = {isa = PBXBuildFile; fileRef = 2B0C544F237E887700F99058 /* FriedTofu.framework */; };
		2B0C5465237E887700F99058 /* FriedTofu.framework in Embed Frameworks */ = {isa = PBXBuildFile; fileRef = 2B0C544F237E887700F99058 /* FriedTofu.framework */; settings = {ATTRIBUTES = (CodeSignOnCopy, RemoveHeadersOnCopy, ); }; };
		2B0C5473237E88E500F99058 /* APIError.swift in Sources */ = {isa = PBXBuildFile; fileRef = 2B6CB35C2338D20500770C1B /* APIError.swift */; };
		2B0C5474237E88E500F99058 /* APILogger.swift in Sources */ = {isa = PBXBuildFile; fileRef = 2B6CB33D2338CF2800770C1B /* APILogger.swift */; };
		2B0C5475237E88E500F99058 /* Router.swift in Sources */ = {isa = PBXBuildFile; fileRef = 2B6CB33C2338CF2800770C1B /* Router.swift */; };
		2B0C5476237E88EB00F99058 /* Encodable + Extention.swift in Sources */ = {isa = PBXBuildFile; fileRef = 2B0537A62345CC220014F83E /* Encodable + Extention.swift */; };
		2B0C5477237E88EB00F99058 /* Decision.swift in Sources */ = {isa = PBXBuildFile; fileRef = 2B0B99DA234305F300E68B7F /* Decision.swift */; };
		2B0C5478237E88EB00F99058 /* HTTPTask.swift in Sources */ = {isa = PBXBuildFile; fileRef = 2B6CB33B2338CF2800770C1B /* HTTPTask.swift */; };
		2B0C547A237E88EB00F99058 /* ParameterEncoding.swift in Sources */ = {isa = PBXBuildFile; fileRef = 2B6CB3232338CF2800770C1B /* ParameterEncoding.swift */; };
		2B0C547B237E88EB00F99058 /* Request.swift in Sources */ = {isa = PBXBuildFile; fileRef = 2B6CB33F2338CF2800770C1B /* Request.swift */; };
		2B0C5483237E92D600F99058 /* AppDelegate.swift in Sources */ = {isa = PBXBuildFile; fileRef = 2B0C5482237E92D600F99058 /* AppDelegate.swift */; };
		2B0C5485237E92D600F99058 /* SceneDelegate.swift in Sources */ = {isa = PBXBuildFile; fileRef = 2B0C5484237E92D600F99058 /* SceneDelegate.swift */; };
		2B0C5487237E92D600F99058 /* ViewController.swift in Sources */ = {isa = PBXBuildFile; fileRef = 2B0C5486237E92D600F99058 /* ViewController.swift */; };
		2B0C548A237E92D600F99058 /* Main.storyboard in Resources */ = {isa = PBXBuildFile; fileRef = 2B0C5488237E92D600F99058 /* Main.storyboard */; };
		2B0C548C237E92D700F99058 /* Assets.xcassets in Resources */ = {isa = PBXBuildFile; fileRef = 2B0C548B237E92D700F99058 /* Assets.xcassets */; };
		2B0C548F237E92D700F99058 /* LaunchScreen.storyboard in Resources */ = {isa = PBXBuildFile; fileRef = 2B0C548D237E92D700F99058 /* LaunchScreen.storyboard */; };
		2B0C5496237E934800F99058 /* APIManager.swift in Sources */ = {isa = PBXBuildFile; fileRef = 2B0C5495237E934800F99058 /* APIManager.swift */; };
		2B0C54AD237E959600F99058 /* FriedTofu.framework in Frameworks */ = {isa = PBXBuildFile; fileRef = 2B0C544F237E887700F99058 /* FriedTofu.framework */; };
		2B0C54B5237E97D100F99058 /* BaseResponse.swift in Sources */ = {isa = PBXBuildFile; fileRef = 2B0C54AF237E97D100F99058 /* BaseResponse.swift */; };
		2B0C54B6237E97D100F99058 /* User.swift in Sources */ = {isa = PBXBuildFile; fileRef = 2B0C54B1237E97D100F99058 /* User.swift */; };
		2B0C54B7237E97D100F99058 /* UserRequest.swift in Sources */ = {isa = PBXBuildFile; fileRef = 2B0C54B2237E97D100F99058 /* UserRequest.swift */; };
		2B0C54B9237EB4AC00F99058 /* BuildRequestDecision.swift in Sources */ = {isa = PBXBuildFile; fileRef = 2B0C54B8237EB4AC00F99058 /* BuildRequestDecision.swift */; };
		2B0C54BB237EBEDE00F99058 /* SendRequestDecision.swift in Sources */ = {isa = PBXBuildFile; fileRef = 2B0C54BA237EBEDE00F99058 /* SendRequestDecision.swift */; };
		2B252E7D23826B5E008E0483 /* BuildRequestDecision.swift in Sources */ = {isa = PBXBuildFile; fileRef = 2B0C54B8237EB4AC00F99058 /* BuildRequestDecision.swift */; };
		2B252E7E23826B84008E0483 /* SendRequestDecision.swift in Sources */ = {isa = PBXBuildFile; fileRef = 2B0C54BA237EBEDE00F99058 /* SendRequestDecision.swift */; };
		2B252E7F23826B97008E0483 /* RetryDecision.swift in Sources */ = {isa = PBXBuildFile; fileRef = 2B0B99DD2343417F00E68B7F /* RetryDecision.swift */; };
		2B252E8023826BB1008E0483 /* BadResponseStatusCodeDecision.swift in Sources */ = {isa = PBXBuildFile; fileRef = 2B0B99E3234354E600E68B7F /* BadResponseStatusCodeDecision.swift */; };
		2B252E8123826BB9008E0483 /* ParseResultDecision.swift in Sources */ = {isa = PBXBuildFile; fileRef = 2B0B99DF2343419500E68B7F /* ParseResultDecision.swift */; };
		2B252E8523828709008E0483 /* RefreshTokenDecision.swift in Sources */ = {isa = PBXBuildFile; fileRef = 2B252E8423828709008E0483 /* RefreshTokenDecision.swift */; };
		2B6A757A235EF82C00E50ADE /* ComponentNetworkRouterDemoTests.swift in Sources */ = {isa = PBXBuildFile; fileRef = 2B6A7579235EF82C00E50ADE /* ComponentNetworkRouterDemoTests.swift */; };
		2B6CB30D2338C54E00770C1B /* AppDelegate.swift in Sources */ = {isa = PBXBuildFile; fileRef = 2B6CB30C2338C54E00770C1B /* AppDelegate.swift */; };
		2B6CB30F2338C54E00770C1B /* SceneDelegate.swift in Sources */ = {isa = PBXBuildFile; fileRef = 2B6CB30E2338C54E00770C1B /* SceneDelegate.swift */; };
		2B6CB3112338C54E00770C1B /* ViewController.swift in Sources */ = {isa = PBXBuildFile; fileRef = 2B6CB3102338C54E00770C1B /* ViewController.swift */; };
		2B6CB3142338C54E00770C1B /* Main.storyboard in Resources */ = {isa = PBXBuildFile; fileRef = 2B6CB3122338C54E00770C1B /* Main.storyboard */; };
		2B6CB3162338C54F00770C1B /* Assets.xcassets in Resources */ = {isa = PBXBuildFile; fileRef = 2B6CB3152338C54F00770C1B /* Assets.xcassets */; };
		2B6CB3192338C54F00770C1B /* LaunchScreen.storyboard in Resources */ = {isa = PBXBuildFile; fileRef = 2B6CB3172338C54F00770C1B /* LaunchScreen.storyboard */; };
		2B6CB3412338CF2800770C1B /* ParameterEncoding.swift in Sources */ = {isa = PBXBuildFile; fileRef = 2B6CB3232338CF2800770C1B /* ParameterEncoding.swift */; };
		2B6CB3562338CF2800770C1B /* NetworkRouter.swift in Sources */ = {isa = PBXBuildFile; fileRef = 2B6CB33A2338CF2800770C1B /* NetworkRouter.swift */; };
		2B6CB3572338CF2800770C1B /* HTTPTask.swift in Sources */ = {isa = PBXBuildFile; fileRef = 2B6CB33B2338CF2800770C1B /* HTTPTask.swift */; };
		2B6CB3582338CF2800770C1B /* Router.swift in Sources */ = {isa = PBXBuildFile; fileRef = 2B6CB33C2338CF2800770C1B /* Router.swift */; };
		2B6CB3592338CF2800770C1B /* APILogger.swift in Sources */ = {isa = PBXBuildFile; fileRef = 2B6CB33D2338CF2800770C1B /* APILogger.swift */; };
		2B6CB35B2338CF2800770C1B /* Request.swift in Sources */ = {isa = PBXBuildFile; fileRef = 2B6CB33F2338CF2800770C1B /* Request.swift */; };
		2B6CB35D2338D20500770C1B /* APIError.swift in Sources */ = {isa = PBXBuildFile; fileRef = 2B6CB35C2338D20500770C1B /* APIError.swift */; };
		2B6CB3612338DB4D00770C1B /* Decisions.swift in Sources */ = {isa = PBXBuildFile; fileRef = 2B6CB3602338DB4D00770C1B /* Decisions.swift */; };
		2BD1B1D523697EE3003C7215 /* RefreshTokenDecision.swift in Sources */ = {isa = PBXBuildFile; fileRef = 2B0B99E12343508400E68B7F /* RefreshTokenDecision.swift */; };
		2BD1B1D823697F47003C7215 /* RefreshTokenDecisionTests.swift in Sources */ = {isa = PBXBuildFile; fileRef = 2BD1B1D723697F47003C7215 /* RefreshTokenDecisionTests.swift */; };
		2BD1B1DA23697F6C003C7215 /* Request.swift in Sources */ = {isa = PBXBuildFile; fileRef = 2B6CB33F2338CF2800770C1B /* Request.swift */; };
		2BD1B1DB23697F75003C7215 /* Decision.swift in Sources */ = {isa = PBXBuildFile; fileRef = 2B0B99DA234305F300E68B7F /* Decision.swift */; };
		2BD1B1DC23697F9E003C7215 /* HTTPTask.swift in Sources */ = {isa = PBXBuildFile; fileRef = 2B6CB33B2338CF2800770C1B /* HTTPTask.swift */; };
		2BD1B1DD23697FA2003C7215 /* ParameterEncoding.swift in Sources */ = {isa = PBXBuildFile; fileRef = 2B6CB3232338CF2800770C1B /* ParameterEncoding.swift */; };
		2BD1B1DE23697FB7003C7215 /* APIError.swift in Sources */ = {isa = PBXBuildFile; fileRef = 2B6CB35C2338D20500770C1B /* APIError.swift */; };
		2BD1B1E223699B67003C7215 /* UserRequestTest.swift in Sources */ = {isa = PBXBuildFile; fileRef = 2BD1B1E123699B67003C7215 /* UserRequestTest.swift */; };
		2BD1B1E323699B8E003C7215 /* BaseResponse.swift in Sources */ = {isa = PBXBuildFile; fileRef = 2B0A77A8235FFB4D000554CE /* BaseResponse.swift */; };
		2BD1B1E423699B92003C7215 /* User.swift in Sources */ = {isa = PBXBuildFile; fileRef = 2B0A77AB235FFCCC000554CE /* User.swift */; };
		2BD1B1E623699C11003C7215 /* ApiManagerTests.swift in Sources */ = {isa = PBXBuildFile; fileRef = 2BD1B1E523699C11003C7215 /* ApiManagerTests.swift */; };
		2BD1B1E923699C6F003C7215 /* RouterTests.swift in Sources */ = {isa = PBXBuildFile; fileRef = 2BD1B1E823699C6F003C7215 /* RouterTests.swift */; };
		2BD1B1EB23699C98003C7215 /* NetworkRouter.swift in Sources */ = {isa = PBXBuildFile; fileRef = 2B6CB33A2338CF2800770C1B /* NetworkRouter.swift */; };
		2BD1B1EC23699CA1003C7215 /* APILogger.swift in Sources */ = {isa = PBXBuildFile; fileRef = 2B6CB33D2338CF2800770C1B /* APILogger.swift */; };
		2BD1B1ED23699CAC003C7215 /* Decisions.swift in Sources */ = {isa = PBXBuildFile; fileRef = 2B6CB3602338DB4D00770C1B /* Decisions.swift */; };
		2BD1B1EE23699CB1003C7215 /* RetryDecision.swift in Sources */ = {isa = PBXBuildFile; fileRef = 2B0B99DD2343417F00E68B7F /* RetryDecision.swift */; };
		2BD1B1EF23699CBA003C7215 /* BadResponseStatusCodeDecision.swift in Sources */ = {isa = PBXBuildFile; fileRef = 2B0B99E3234354E600E68B7F /* BadResponseStatusCodeDecision.swift */; };
		2BD1B1F023699CBE003C7215 /* ParseResultDecision.swift in Sources */ = {isa = PBXBuildFile; fileRef = 2B0B99DF2343419500E68B7F /* ParseResultDecision.swift */; };
		2BD1B1F1236ABCDB003C7215 /* Router.swift in Sources */ = {isa = PBXBuildFile; fileRef = 2B6CB33C2338CF2800770C1B /* Router.swift */; };
/* End PBXBuildFile section */

/* Begin PBXContainerItemProxy section */
		2B0C5459237E887700F99058 /* PBXContainerItemProxy */ = {
			isa = PBXContainerItemProxy;
			containerPortal = 2B6CB3012338C54E00770C1B /* Project object */;
			proxyType = 1;
			remoteGlobalIDString = 2B0C544E237E887700F99058;
			remoteInfo = FriedTofu;
		};
		2B0C545B237E887700F99058 /* PBXContainerItemProxy */ = {
			isa = PBXContainerItemProxy;
			containerPortal = 2B6CB3012338C54E00770C1B /* Project object */;
			proxyType = 1;
			remoteGlobalIDString = 2B6CB3082338C54E00770C1B;
			remoteInfo = ComponentNetworkRouterDemo;
		};
		2B0C5462237E887700F99058 /* PBXContainerItemProxy */ = {
			isa = PBXContainerItemProxy;
			containerPortal = 2B6CB3012338C54E00770C1B /* Project object */;
			proxyType = 1;
			remoteGlobalIDString = 2B0C544E237E887700F99058;
			remoteInfo = FriedTofu;
		};
		2B6A757C235EF82C00E50ADE /* PBXContainerItemProxy */ = {
			isa = PBXContainerItemProxy;
			containerPortal = 2B6CB3012338C54E00770C1B /* Project object */;
			proxyType = 1;
			remoteGlobalIDString = 2B6CB3082338C54E00770C1B;
			remoteInfo = ComponentNetworkRouterDemo;
		};
/* End PBXContainerItemProxy section */

/* Begin PBXCopyFilesBuildPhase section */
		2B0C5466237E887700F99058 /* Embed Frameworks */ = {
			isa = PBXCopyFilesBuildPhase;
			buildActionMask = 2147483647;
			dstPath = "";
			dstSubfolderSpec = 10;
			files = (
				2B0C5465237E887700F99058 /* FriedTofu.framework in Embed Frameworks */,
			);
			name = "Embed Frameworks";
			runOnlyForDeploymentPostprocessing = 0;
		};
/* End PBXCopyFilesBuildPhase section */

/* Begin PBXFileReference section */
		2B0537A62345CC220014F83E /* Encodable + Extention.swift */ = {isa = PBXFileReference; fileEncoding = 4; lastKnownFileType = sourcecode.swift; path = "Encodable + Extention.swift"; sourceTree = "<group>"; };
		2B0537AE2345CC280014F83E /* ApiManager.swift */ = {isa = PBXFileReference; fileEncoding = 4; lastKnownFileType = sourcecode.swift; path = ApiManager.swift; sourceTree = "<group>"; };
		2B0A77A8235FFB4D000554CE /* BaseResponse.swift */ = {isa = PBXFileReference; lastKnownFileType = sourcecode.swift; path = BaseResponse.swift; sourceTree = "<group>"; };
		2B0A77AB235FFCCC000554CE /* User.swift */ = {isa = PBXFileReference; lastKnownFileType = sourcecode.swift; path = User.swift; sourceTree = "<group>"; };
		2B0A77AD235FFCF4000554CE /* UserRequest.swift */ = {isa = PBXFileReference; lastKnownFileType = sourcecode.swift; path = UserRequest.swift; sourceTree = "<group>"; };
		2B0B99DA234305F300E68B7F /* Decision.swift */ = {isa = PBXFileReference; lastKnownFileType = sourcecode.swift; path = Decision.swift; sourceTree = "<group>"; };
		2B0B99DD2343417F00E68B7F /* RetryDecision.swift */ = {isa = PBXFileReference; lastKnownFileType = sourcecode.swift; path = RetryDecision.swift; sourceTree = "<group>"; };
		2B0B99DF2343419500E68B7F /* ParseResultDecision.swift */ = {isa = PBXFileReference; lastKnownFileType = sourcecode.swift; path = ParseResultDecision.swift; sourceTree = "<group>"; };
		2B0B99E12343508400E68B7F /* RefreshTokenDecision.swift */ = {isa = PBXFileReference; lastKnownFileType = sourcecode.swift; path = RefreshTokenDecision.swift; sourceTree = "<group>"; };
		2B0B99E3234354E600E68B7F /* BadResponseStatusCodeDecision.swift */ = {isa = PBXFileReference; lastKnownFileType = sourcecode.swift; path = BadResponseStatusCodeDecision.swift; sourceTree = "<group>"; };
		2B0C544F237E887700F99058 /* FriedTofu.framework */ = {isa = PBXFileReference; explicitFileType = wrapper.framework; includeInIndex = 0; path = FriedTofu.framework; sourceTree = BUILT_PRODUCTS_DIR; };
		2B0C5451237E887700F99058 /* FriedTofu.h */ = {isa = PBXFileReference; lastKnownFileType = sourcecode.c.h; path = FriedTofu.h; sourceTree = "<group>"; };
		2B0C5452237E887700F99058 /* Info.plist */ = {isa = PBXFileReference; lastKnownFileType = text.plist.xml; path = Info.plist; sourceTree = "<group>"; };
		2B0C5457237E887700F99058 /* FriedTofuTests.xctest */ = {isa = PBXFileReference; explicitFileType = wrapper.cfbundle; includeInIndex = 0; path = FriedTofuTests.xctest; sourceTree = BUILT_PRODUCTS_DIR; };
		2B0C545E237E887700F99058 /* FriedTofuTests.swift */ = {isa = PBXFileReference; lastKnownFileType = sourcecode.swift; path = FriedTofuTests.swift; sourceTree = "<group>"; };
		2B0C5460237E887700F99058 /* Info.plist */ = {isa = PBXFileReference; lastKnownFileType = text.plist.xml; path = Info.plist; sourceTree = "<group>"; };
		2B0C5480237E92D500F99058 /* FriedTofuTestTarget.app */ = {isa = PBXFileReference; explicitFileType = wrapper.application; includeInIndex = 0; path = FriedTofuTestTarget.app; sourceTree = BUILT_PRODUCTS_DIR; };
		2B0C5482237E92D600F99058 /* AppDelegate.swift */ = {isa = PBXFileReference; lastKnownFileType = sourcecode.swift; path = AppDelegate.swift; sourceTree = "<group>"; };
		2B0C5484237E92D600F99058 /* SceneDelegate.swift */ = {isa = PBXFileReference; lastKnownFileType = sourcecode.swift; path = SceneDelegate.swift; sourceTree = "<group>"; };
		2B0C5486237E92D600F99058 /* ViewController.swift */ = {isa = PBXFileReference; lastKnownFileType = sourcecode.swift; path = ViewController.swift; sourceTree = "<group>"; };
		2B0C5489237E92D600F99058 /* Base */ = {isa = PBXFileReference; lastKnownFileType = file.storyboard; name = Base; path = Base.lproj/Main.storyboard; sourceTree = "<group>"; };
		2B0C548B237E92D700F99058 /* Assets.xcassets */ = {isa = PBXFileReference; lastKnownFileType = folder.assetcatalog; path = Assets.xcassets; sourceTree = "<group>"; };
		2B0C548E237E92D700F99058 /* Base */ = {isa = PBXFileReference; lastKnownFileType = file.storyboard; name = Base; path = Base.lproj/LaunchScreen.storyboard; sourceTree = "<group>"; };
		2B0C5490237E92D700F99058 /* Info.plist */ = {isa = PBXFileReference; lastKnownFileType = text.plist.xml; path = Info.plist; sourceTree = "<group>"; };
		2B0C5495237E934800F99058 /* APIManager.swift */ = {isa = PBXFileReference; lastKnownFileType = sourcecode.swift; path = APIManager.swift; sourceTree = "<group>"; };
		2B0C54AF237E97D100F99058 /* BaseResponse.swift */ = {isa = PBXFileReference; fileEncoding = 4; lastKnownFileType = sourcecode.swift; path = BaseResponse.swift; sourceTree = "<group>"; };
		2B0C54B1237E97D100F99058 /* User.swift */ = {isa = PBXFileReference; fileEncoding = 4; lastKnownFileType = sourcecode.swift; path = User.swift; sourceTree = "<group>"; };
		2B0C54B2237E97D100F99058 /* UserRequest.swift */ = {isa = PBXFileReference; fileEncoding = 4; lastKnownFileType = sourcecode.swift; path = UserRequest.swift; sourceTree = "<group>"; };
		2B0C54B8237EB4AC00F99058 /* BuildRequestDecision.swift */ = {isa = PBXFileReference; lastKnownFileType = sourcecode.swift; path = BuildRequestDecision.swift; sourceTree = "<group>"; };
		2B0C54BA237EBEDE00F99058 /* SendRequestDecision.swift */ = {isa = PBXFileReference; lastKnownFileType = sourcecode.swift; path = SendRequestDecision.swift; sourceTree = "<group>"; };
		2B252E8423828709008E0483 /* RefreshTokenDecision.swift */ = {isa = PBXFileReference; fileEncoding = 4; lastKnownFileType = sourcecode.swift; path = RefreshTokenDecision.swift; sourceTree = "<group>"; };
		2B6A7577235EF82C00E50ADE /* ComponentNetworkRouterDemoTests.xctest */ = {isa = PBXFileReference; explicitFileType = wrapper.cfbundle; includeInIndex = 0; path = ComponentNetworkRouterDemoTests.xctest; sourceTree = BUILT_PRODUCTS_DIR; };
		2B6A7579235EF82C00E50ADE /* ComponentNetworkRouterDemoTests.swift */ = {isa = PBXFileReference; lastKnownFileType = sourcecode.swift; path = ComponentNetworkRouterDemoTests.swift; sourceTree = "<group>"; };
		2B6A757B235EF82C00E50ADE /* Info.plist */ = {isa = PBXFileReference; lastKnownFileType = text.plist.xml; path = Info.plist; sourceTree = "<group>"; };
		2B6CB3092338C54E00770C1B /* ComponentNetworkRouterDemo.app */ = {isa = PBXFileReference; explicitFileType = wrapper.application; includeInIndex = 0; path = ComponentNetworkRouterDemo.app; sourceTree = BUILT_PRODUCTS_DIR; };
		2B6CB30C2338C54E00770C1B /* AppDelegate.swift */ = {isa = PBXFileReference; lastKnownFileType = sourcecode.swift; path = AppDelegate.swift; sourceTree = "<group>"; };
		2B6CB30E2338C54E00770C1B /* SceneDelegate.swift */ = {isa = PBXFileReference; lastKnownFileType = sourcecode.swift; path = SceneDelegate.swift; sourceTree = "<group>"; };
		2B6CB3102338C54E00770C1B /* ViewController.swift */ = {isa = PBXFileReference; lastKnownFileType = sourcecode.swift; path = ViewController.swift; sourceTree = "<group>"; };
		2B6CB3132338C54E00770C1B /* Base */ = {isa = PBXFileReference; lastKnownFileType = file.storyboard; name = Base; path = Base.lproj/Main.storyboard; sourceTree = "<group>"; };
		2B6CB3152338C54F00770C1B /* Assets.xcassets */ = {isa = PBXFileReference; lastKnownFileType = folder.assetcatalog; path = Assets.xcassets; sourceTree = "<group>"; };
		2B6CB3182338C54F00770C1B /* Base */ = {isa = PBXFileReference; lastKnownFileType = file.storyboard; name = Base; path = Base.lproj/LaunchScreen.storyboard; sourceTree = "<group>"; };
		2B6CB31A2338C54F00770C1B /* Info.plist */ = {isa = PBXFileReference; lastKnownFileType = text.plist.xml; path = Info.plist; sourceTree = "<group>"; };
		2B6CB3232338CF2800770C1B /* ParameterEncoding.swift */ = {isa = PBXFileReference; fileEncoding = 4; lastKnownFileType = sourcecode.swift; path = ParameterEncoding.swift; sourceTree = "<group>"; };
		2B6CB33A2338CF2800770C1B /* NetworkRouter.swift */ = {isa = PBXFileReference; fileEncoding = 4; lastKnownFileType = sourcecode.swift; path = NetworkRouter.swift; sourceTree = "<group>"; };
		2B6CB33B2338CF2800770C1B /* HTTPTask.swift */ = {isa = PBXFileReference; fileEncoding = 4; lastKnownFileType = sourcecode.swift; path = HTTPTask.swift; sourceTree = "<group>"; };
		2B6CB33C2338CF2800770C1B /* Router.swift */ = {isa = PBXFileReference; fileEncoding = 4; lastKnownFileType = sourcecode.swift; path = Router.swift; sourceTree = "<group>"; };
		2B6CB33D2338CF2800770C1B /* APILogger.swift */ = {isa = PBXFileReference; fileEncoding = 4; lastKnownFileType = sourcecode.swift; path = APILogger.swift; sourceTree = "<group>"; };
		2B6CB33F2338CF2800770C1B /* Request.swift */ = {isa = PBXFileReference; fileEncoding = 4; lastKnownFileType = sourcecode.swift; path = Request.swift; sourceTree = "<group>"; };
		2B6CB35C2338D20500770C1B /* APIError.swift */ = {isa = PBXFileReference; fileEncoding = 4; lastKnownFileType = sourcecode.swift; path = APIError.swift; sourceTree = "<group>"; };
		2B6CB3602338DB4D00770C1B /* Decisions.swift */ = {isa = PBXFileReference; lastKnownFileType = sourcecode.swift; path = Decisions.swift; sourceTree = "<group>"; };
		2BD1B1D723697F47003C7215 /* RefreshTokenDecisionTests.swift */ = {isa = PBXFileReference; lastKnownFileType = sourcecode.swift; path = RefreshTokenDecisionTests.swift; sourceTree = "<group>"; };
		2BD1B1E123699B67003C7215 /* UserRequestTest.swift */ = {isa = PBXFileReference; lastKnownFileType = sourcecode.swift; path = UserRequestTest.swift; sourceTree = "<group>"; };
		2BD1B1E523699C11003C7215 /* ApiManagerTests.swift */ = {isa = PBXFileReference; lastKnownFileType = sourcecode.swift; path = ApiManagerTests.swift; sourceTree = "<group>"; };
		2BD1B1E823699C6F003C7215 /* RouterTests.swift */ = {isa = PBXFileReference; lastKnownFileType = sourcecode.swift; path = RouterTests.swift; sourceTree = "<group>"; };
/* End PBXFileReference section */

/* Begin PBXFrameworksBuildPhase section */
		2B0C544C237E887700F99058 /* Frameworks */ = {
			isa = PBXFrameworksBuildPhase;
			buildActionMask = 2147483647;
			files = (
			);
			runOnlyForDeploymentPostprocessing = 0;
		};
		2B0C5454237E887700F99058 /* Frameworks */ = {
			isa = PBXFrameworksBuildPhase;
			buildActionMask = 2147483647;
			files = (
				2B0C5458237E887700F99058 /* FriedTofu.framework in Frameworks */,
			);
			runOnlyForDeploymentPostprocessing = 0;
		};
		2B0C547D237E92D500F99058 /* Frameworks */ = {
			isa = PBXFrameworksBuildPhase;
			buildActionMask = 2147483647;
			files = (
				2B0C54AD237E959600F99058 /* FriedTofu.framework in Frameworks */,
			);
			runOnlyForDeploymentPostprocessing = 0;
		};
		2B6A7574235EF82C00E50ADE /* Frameworks */ = {
			isa = PBXFrameworksBuildPhase;
			buildActionMask = 2147483647;
			files = (
			);
			runOnlyForDeploymentPostprocessing = 0;
		};
		2B6CB3062338C54E00770C1B /* Frameworks */ = {
			isa = PBXFrameworksBuildPhase;
			buildActionMask = 2147483647;
			files = (
				2B0C5464237E887700F99058 /* FriedTofu.framework in Frameworks */,
			);
			runOnlyForDeploymentPostprocessing = 0;
		};
/* End PBXFrameworksBuildPhase section */

/* Begin PBXGroup section */
		2B05379D2345CC220014F83E /* Models */ = {
			isa = PBXGroup;
			children = (
				2B0A77AA235FFCC2000554CE /* User */,
				2B0A77A8235FFB4D000554CE /* BaseResponse.swift */,
			);
			path = Models;
			sourceTree = "<group>";
		};
		2B0A77AA235FFCC2000554CE /* User */ = {
			isa = PBXGroup;
			children = (
				2B0A77AB235FFCCC000554CE /* User.swift */,
				2B0A77AD235FFCF4000554CE /* UserRequest.swift */,
			);
			path = User;
			sourceTree = "<group>";
		};
		2B0B99DC2343415A00E68B7F /* Decisions */ = {
			isa = PBXGroup;
			children = (
				2B0B99E3234354E600E68B7F /* BadResponseStatusCodeDecision.swift */,
				2B0C54B8237EB4AC00F99058 /* BuildRequestDecision.swift */,
				2B6CB3602338DB4D00770C1B /* Decisions.swift */,
				2B0B99DF2343419500E68B7F /* ParseResultDecision.swift */,
				2B0B99E12343508400E68B7F /* RefreshTokenDecision.swift */,
				2B0B99DD2343417F00E68B7F /* RetryDecision.swift */,
				2B0C54BA237EBEDE00F99058 /* SendRequestDecision.swift */,
			);
			path = Decisions;
			sourceTree = "<group>";
		};
		2B0C5450237E887700F99058 /* FriedTofu */ = {
			isa = PBXGroup;
			children = (
				2B0C5451237E887700F99058 /* FriedTofu.h */,
				2B0C5452237E887700F99058 /* Info.plist */,
			);
			path = FriedTofu;
			sourceTree = "<group>";
		};
		2B0C545D237E887700F99058 /* FriedTofuTests */ = {
			isa = PBXGroup;
			children = (
				2B0C545E237E887700F99058 /* FriedTofuTests.swift */,
				2B0C5460237E887700F99058 /* Info.plist */,
			);
			path = FriedTofuTests;
			sourceTree = "<group>";
		};
		2B0C5481237E92D600F99058 /* FriedTofuTestTarget */ = {
			isa = PBXGroup;
			children = (
				2B0C5494237E932400F99058 /* APIManager */,
				2B0C5482237E92D600F99058 /* AppDelegate.swift */,
				2B0C548B237E92D700F99058 /* Assets.xcassets */,
				2B0C5490237E92D700F99058 /* Info.plist */,
				2B0C548D237E92D700F99058 /* LaunchScreen.storyboard */,
				2B0C5488237E92D600F99058 /* Main.storyboard */,
				2B0C5484237E92D600F99058 /* SceneDelegate.swift */,
				2B0C5486237E92D600F99058 /* ViewController.swift */,
			);
			path = FriedTofuTestTarget;
			sourceTree = "<group>";
		};
		2B0C5494237E932400F99058 /* APIManager */ = {
			isa = PBXGroup;
			children = (
				2B252E83238286D2008E0483 /* Decisions */,
				2B0C54AE237E97D100F99058 /* Models */,
				2B0C5495237E934800F99058 /* APIManager.swift */,
			);
			path = APIManager;
			sourceTree = "<group>";
		};
		2B0C54AE237E97D100F99058 /* Models */ = {
			isa = PBXGroup;
			children = (
				2B0C54B0237E97D100F99058 /* User */,
				2B0C54AF237E97D100F99058 /* BaseResponse.swift */,
			);
			path = Models;
			sourceTree = "<group>";
		};
		2B0C54B0237E97D100F99058 /* User */ = {
			isa = PBXGroup;
			children = (
				2B0C54B1237E97D100F99058 /* User.swift */,
				2B0C54B2237E97D100F99058 /* UserRequest.swift */,
			);
			path = User;
			sourceTree = "<group>";
		};
		2B252E83238286D2008E0483 /* Decisions */ = {
			isa = PBXGroup;
			children = (
				2B252E8423828709008E0483 /* RefreshTokenDecision.swift */,
			);
			path = Decisions;
			sourceTree = "<group>";
		};
		2B6A7578235EF82C00E50ADE /* ComponentNetworkRouterDemoTests */ = {
			isa = PBXGroup;
			children = (
				2BD1B1DF23699AD5003C7215 /* APIManager */,
				2B6A7579235EF82C00E50ADE /* ComponentNetworkRouterDemoTests.swift */,
				2B6A757B235EF82C00E50ADE /* Info.plist */,
			);
			path = ComponentNetworkRouterDemoTests;
			sourceTree = "<group>";
		};
		2B6CB3002338C54E00770C1B = {
			isa = PBXGroup;
			children = (
				2B6CB30B2338C54E00770C1B /* ComponentNetworkRouterDemo */,
				2B6A7578235EF82C00E50ADE /* ComponentNetworkRouterDemoTests */,
				2B0C5450237E887700F99058 /* FriedTofu */,
				2B0C545D237E887700F99058 /* FriedTofuTests */,
				2B0C5481237E92D600F99058 /* FriedTofuTestTarget */,
				2B6CB30A2338C54E00770C1B /* Products */,
			);
			sourceTree = "<group>";
		};
		2B6CB30A2338C54E00770C1B /* Products */ = {
			isa = PBXGroup;
			children = (
				2B6CB3092338C54E00770C1B /* ComponentNetworkRouterDemo.app */,
				2B6A7577235EF82C00E50ADE /* ComponentNetworkRouterDemoTests.xctest */,
				2B0C544F237E887700F99058 /* FriedTofu.framework */,
				2B0C5457237E887700F99058 /* FriedTofuTests.xctest */,
				2B0C5480237E92D500F99058 /* FriedTofuTestTarget.app */,
			);
			name = Products;
			sourceTree = "<group>";
		};
		2B6CB30B2338C54E00770C1B /* ComponentNetworkRouterDemo */ = {
			isa = PBXGroup;
			children = (
				2B6CB3202338CF2800770C1B /* APIManager */,
				2B6CB30C2338C54E00770C1B /* AppDelegate.swift */,
				2B6CB3152338C54F00770C1B /* Assets.xcassets */,
				2B6CB31A2338C54F00770C1B /* Info.plist */,
				2B6CB3172338C54F00770C1B /* LaunchScreen.storyboard */,
				2B6CB3122338C54E00770C1B /* Main.storyboard */,
				2B6CB30E2338C54E00770C1B /* SceneDelegate.swift */,
				2B6CB3102338C54E00770C1B /* ViewController.swift */,
			);
			path = ComponentNetworkRouterDemo;
			sourceTree = "<group>";
		};
		2B6CB3202338CF2800770C1B /* APIManager */ = {
			isa = PBXGroup;
			children = (
				2B0B99DC2343415A00E68B7F /* Decisions */,
				2B05379D2345CC220014F83E /* Models */,
				2B6CB3392338CF2800770C1B /* Service */,
				2B0537AE2345CC280014F83E /* ApiManager.swift */,
			);
			path = APIManager;
			sourceTree = "<group>";
		};
		2B6CB3222338CF2800770C1B /* Static Components */ = {
			isa = PBXGroup;
			children = (
				2B0B99DA234305F300E68B7F /* Decision.swift */,
				2B0537A62345CC220014F83E /* Encodable + Extention.swift */,
				2B6CB33B2338CF2800770C1B /* HTTPTask.swift */,
				2B6CB33A2338CF2800770C1B /* NetworkRouter.swift */,
				2B6CB3232338CF2800770C1B /* ParameterEncoding.swift */,
				2B6CB33F2338CF2800770C1B /* Request.swift */,
			);
			path = "Static Components";
			sourceTree = "<group>";
		};
		2B6CB3392338CF2800770C1B /* Service */ = {
			isa = PBXGroup;
			children = (
				2B6CB3222338CF2800770C1B /* Static Components */,
				2B6CB35C2338D20500770C1B /* APIError.swift */,
				2B6CB33D2338CF2800770C1B /* APILogger.swift */,
				2B6CB33C2338CF2800770C1B /* Router.swift */,
			);
			path = Service;
			sourceTree = "<group>";
		};
		2BD1B1D623697F22003C7215 /* Decsions */ = {
			isa = PBXGroup;
			children = (
				2BD1B1D723697F47003C7215 /* RefreshTokenDecisionTests.swift */,
			);
			path = Decsions;
			sourceTree = "<group>";
		};
		2BD1B1DF23699AD5003C7215 /* APIManager */ = {
			isa = PBXGroup;
			children = (
				2BD1B1D623697F22003C7215 /* Decsions */,
				2BD1B1E023699B24003C7215 /* Models */,
				2BD1B1E723699C5E003C7215 /* Service */,
				2BD1B1E523699C11003C7215 /* ApiManagerTests.swift */,
			);
			path = APIManager;
			sourceTree = "<group>";
		};
		2BD1B1E023699B24003C7215 /* Models */ = {
			isa = PBXGroup;
			children = (
				2BD1B1E123699B67003C7215 /* UserRequestTest.swift */,
			);
			path = Models;
			sourceTree = "<group>";
		};
		2BD1B1E723699C5E003C7215 /* Service */ = {
			isa = PBXGroup;
			children = (
				2BD1B1E823699C6F003C7215 /* RouterTests.swift */,
			);
			path = Service;
			sourceTree = "<group>";
		};
/* End PBXGroup section */

/* Begin PBXHeadersBuildPhase section */
		2B0C544A237E887700F99058 /* Headers */ = {
			isa = PBXHeadersBuildPhase;
			buildActionMask = 2147483647;
			files = (
				2B0C5461237E887700F99058 /* FriedTofu.h in Headers */,
			);
			runOnlyForDeploymentPostprocessing = 0;
		};
/* End PBXHeadersBuildPhase section */

/* Begin PBXNativeTarget section */
		2B0C544E237E887700F99058 /* FriedTofu */ = {
			isa = PBXNativeTarget;
			buildConfigurationList = 2B0C546B237E887700F99058 /* Build configuration list for PBXNativeTarget "FriedTofu" */;
			buildPhases = (
				2B0C544A237E887700F99058 /* Headers */,
				2B0C544B237E887700F99058 /* Sources */,
				2B0C544C237E887700F99058 /* Frameworks */,
				2B0C544D237E887700F99058 /* Resources */,
			);
			buildRules = (
			);
			dependencies = (
			);
			name = FriedTofu;
			productName = FriedTofu;
			productReference = 2B0C544F237E887700F99058 /* FriedTofu.framework */;
			productType = "com.apple.product-type.framework";
		};
		2B0C5456237E887700F99058 /* FriedTofuTests */ = {
			isa = PBXNativeTarget;
			buildConfigurationList = 2B0C546C237E887700F99058 /* Build configuration list for PBXNativeTarget "FriedTofuTests" */;
			buildPhases = (
				2B0C5453237E887700F99058 /* Sources */,
				2B0C5454237E887700F99058 /* Frameworks */,
				2B0C5455237E887700F99058 /* Resources */,
			);
			buildRules = (
			);
			dependencies = (
				2B0C545A237E887700F99058 /* PBXTargetDependency */,
				2B0C545C237E887700F99058 /* PBXTargetDependency */,
			);
			name = FriedTofuTests;
			productName = FriedTofuTests;
			productReference = 2B0C5457237E887700F99058 /* FriedTofuTests.xctest */;
			productType = "com.apple.product-type.bundle.unit-test";
		};
		2B0C547F237E92D500F99058 /* FriedTofuTestTarget */ = {
			isa = PBXNativeTarget;
			buildConfigurationList = 2B0C5491237E92D700F99058 /* Build configuration list for PBXNativeTarget "FriedTofuTestTarget" */;
			buildPhases = (
				2B0C547C237E92D500F99058 /* Sources */,
				2B0C547D237E92D500F99058 /* Frameworks */,
				2B0C547E237E92D500F99058 /* Resources */,
			);
			buildRules = (
			);
			dependencies = (
			);
			name = FriedTofuTestTarget;
			productName = FriedTofuManager;
			productReference = 2B0C5480237E92D500F99058 /* FriedTofuTestTarget.app */;
			productType = "com.apple.product-type.application";
		};
		2B6A7576235EF82C00E50ADE /* ComponentNetworkRouterDemoTests */ = {
			isa = PBXNativeTarget;
			buildConfigurationList = 2B6A7580235EF82C00E50ADE /* Build configuration list for PBXNativeTarget "ComponentNetworkRouterDemoTests" */;
			buildPhases = (
				2B6A7573235EF82C00E50ADE /* Sources */,
				2B6A7574235EF82C00E50ADE /* Frameworks */,
				2B6A7575235EF82C00E50ADE /* Resources */,
			);
			buildRules = (
			);
			dependencies = (
				2B6A757D235EF82C00E50ADE /* PBXTargetDependency */,
			);
			name = ComponentNetworkRouterDemoTests;
			productName = ComponentNetworkRouterDemoTests;
			productReference = 2B6A7577235EF82C00E50ADE /* ComponentNetworkRouterDemoTests.xctest */;
			productType = "com.apple.product-type.bundle.unit-test";
		};
		2B6CB3082338C54E00770C1B /* ComponentNetworkRouterDemo */ = {
			isa = PBXNativeTarget;
			buildConfigurationList = 2B6CB31D2338C54F00770C1B /* Build configuration list for PBXNativeTarget "ComponentNetworkRouterDemo" */;
			buildPhases = (
				2B6CB3052338C54E00770C1B /* Sources */,
				2B6CB3062338C54E00770C1B /* Frameworks */,
				2B6CB3072338C54E00770C1B /* Resources */,
				2B0C5466237E887700F99058 /* Embed Frameworks */,
			);
			buildRules = (
			);
			dependencies = (
				2B0C5463237E887700F99058 /* PBXTargetDependency */,
			);
			name = ComponentNetworkRouterDemo;
			productName = ComponentNetworkRouterDemo;
			productReference = 2B6CB3092338C54E00770C1B /* ComponentNetworkRouterDemo.app */;
			productType = "com.apple.product-type.application";
		};
/* End PBXNativeTarget section */

/* Begin PBXProject section */
		2B6CB3012338C54E00770C1B /* Project object */ = {
			isa = PBXProject;
			attributes = {
				LastSwiftUpdateCheck = 1110;
				LastUpgradeCheck = 1100;
				ORGANIZATIONNAME = "黃柏叡";
				TargetAttributes = {
					2B0C544E237E887700F99058 = {
						CreatedOnToolsVersion = 11.1;
					};
					2B0C5456237E887700F99058 = {
						CreatedOnToolsVersion = 11.1;
						TestTargetID = 2B6CB3082338C54E00770C1B;
					};
					2B0C547F237E92D500F99058 = {
						CreatedOnToolsVersion = 11.1;
					};
					2B6A7576235EF82C00E50ADE = {
						CreatedOnToolsVersion = 11.1;
						TestTargetID = 2B6CB3082338C54E00770C1B;
					};
					2B6CB3082338C54E00770C1B = {
						CreatedOnToolsVersion = 11.0;
					};
				};
			};
			buildConfigurationList = 2B6CB3042338C54E00770C1B /* Build configuration list for PBXProject "ComponentNetworkRouterDemo" */;
			compatibilityVersion = "Xcode 9.3";
			developmentRegion = en;
			hasScannedForEncodings = 0;
			knownRegions = (
				en,
				Base,
			);
			mainGroup = 2B6CB3002338C54E00770C1B;
			productRefGroup = 2B6CB30A2338C54E00770C1B /* Products */;
			projectDirPath = "";
			projectRoot = "";
			targets = (
				2B6CB3082338C54E00770C1B /* ComponentNetworkRouterDemo */,
				2B6A7576235EF82C00E50ADE /* ComponentNetworkRouterDemoTests */,
				2B0C544E237E887700F99058 /* FriedTofu */,
				2B0C5456237E887700F99058 /* FriedTofuTests */,
				2B0C547F237E92D500F99058 /* FriedTofuTestTarget */,
			);
		};
/* End PBXProject section */

/* Begin PBXResourcesBuildPhase section */
		2B0C544D237E887700F99058 /* Resources */ = {
			isa = PBXResourcesBuildPhase;
			buildActionMask = 2147483647;
			files = (
			);
			runOnlyForDeploymentPostprocessing = 0;
		};
		2B0C5455237E887700F99058 /* Resources */ = {
			isa = PBXResourcesBuildPhase;
			buildActionMask = 2147483647;
			files = (
			);
			runOnlyForDeploymentPostprocessing = 0;
		};
		2B0C547E237E92D500F99058 /* Resources */ = {
			isa = PBXResourcesBuildPhase;
			buildActionMask = 2147483647;
			files = (
				2B0C548C237E92D700F99058 /* Assets.xcassets in Resources */,
				2B0C548F237E92D700F99058 /* LaunchScreen.storyboard in Resources */,
				2B0C548A237E92D600F99058 /* Main.storyboard in Resources */,
			);
			runOnlyForDeploymentPostprocessing = 0;
		};
		2B6A7575235EF82C00E50ADE /* Resources */ = {
			isa = PBXResourcesBuildPhase;
			buildActionMask = 2147483647;
			files = (
			);
			runOnlyForDeploymentPostprocessing = 0;
		};
		2B6CB3072338C54E00770C1B /* Resources */ = {
			isa = PBXResourcesBuildPhase;
			buildActionMask = 2147483647;
			files = (
				2B6CB3162338C54F00770C1B /* Assets.xcassets in Resources */,
				2B6CB3192338C54F00770C1B /* LaunchScreen.storyboard in Resources */,
				2B6CB3142338C54E00770C1B /* Main.storyboard in Resources */,
			);
			runOnlyForDeploymentPostprocessing = 0;
		};
/* End PBXResourcesBuildPhase section */

/* Begin PBXSourcesBuildPhase section */
		2B0C544B237E887700F99058 /* Sources */ = {
			isa = PBXSourcesBuildPhase;
			buildActionMask = 2147483647;
			files = (
				2B0C5473237E88E500F99058 /* APIError.swift in Sources */,
				2B0C5474237E88E500F99058 /* APILogger.swift in Sources */,
				2B252E8023826BB1008E0483 /* BadResponseStatusCodeDecision.swift in Sources */,
				2B252E7D23826B5E008E0483 /* BuildRequestDecision.swift in Sources */,
				2B0C5477237E88EB00F99058 /* Decision.swift in Sources */,
				2B0C5476237E88EB00F99058 /* Encodable + Extention.swift in Sources */,
				2B0C5478237E88EB00F99058 /* HTTPTask.swift in Sources */,
				2B0C547A237E88EB00F99058 /* ParameterEncoding.swift in Sources */,
				2B252E8123826BB9008E0483 /* ParseResultDecision.swift in Sources */,
				2B0C547B237E88EB00F99058 /* Request.swift in Sources */,
				2B252E7F23826B97008E0483 /* RetryDecision.swift in Sources */,
				2B0C5475237E88E500F99058 /* Router.swift in Sources */,
				2B252E7E23826B84008E0483 /* SendRequestDecision.swift in Sources */,
			);
			runOnlyForDeploymentPostprocessing = 0;
		};
		2B0C5453237E887700F99058 /* Sources */ = {
			isa = PBXSourcesBuildPhase;
			buildActionMask = 2147483647;
			files = (
				2B0C545F237E887700F99058 /* FriedTofuTests.swift in Sources */,
			);
			runOnlyForDeploymentPostprocessing = 0;
		};
		2B0C547C237E92D500F99058 /* Sources */ = {
			isa = PBXSourcesBuildPhase;
			buildActionMask = 2147483647;
			files = (
				2B0C5496237E934800F99058 /* APIManager.swift in Sources */,
				2B0C5483237E92D600F99058 /* AppDelegate.swift in Sources */,
				2B0C54B5237E97D100F99058 /* BaseResponse.swift in Sources */,
				2B252E8523828709008E0483 /* RefreshTokenDecision.swift in Sources */,
				2B0C5485237E92D600F99058 /* SceneDelegate.swift in Sources */,
				2B0C54B6237E97D100F99058 /* User.swift in Sources */,
				2B0C54B7237E97D100F99058 /* UserRequest.swift in Sources */,
				2B0C5487237E92D600F99058 /* ViewController.swift in Sources */,
			);
			runOnlyForDeploymentPostprocessing = 0;
		};
		2B6A7573235EF82C00E50ADE /* Sources */ = {
			isa = PBXSourcesBuildPhase;
			buildActionMask = 2147483647;
			files = (
				2BD1B1DE23697FB7003C7215 /* APIError.swift in Sources */,
				2BD1B1EC23699CA1003C7215 /* APILogger.swift in Sources */,
				2BD1B1E623699C11003C7215 /* ApiManagerTests.swift in Sources */,
				2BD1B1EF23699CBA003C7215 /* BadResponseStatusCodeDecision.swift in Sources */,
				2BD1B1E323699B8E003C7215 /* BaseResponse.swift in Sources */,
				2B6A757A235EF82C00E50ADE /* ComponentNetworkRouterDemoTests.swift in Sources */,
				2BD1B1DB23697F75003C7215 /* Decision.swift in Sources */,
				2BD1B1ED23699CAC003C7215 /* Decisions.swift in Sources */,
				2BD1B1DC23697F9E003C7215 /* HTTPTask.swift in Sources */,
				2BD1B1EB23699C98003C7215 /* NetworkRouter.swift in Sources */,
				2BD1B1DD23697FA2003C7215 /* ParameterEncoding.swift in Sources */,
				2BD1B1F023699CBE003C7215 /* ParseResultDecision.swift in Sources */,
				2BD1B1D523697EE3003C7215 /* RefreshTokenDecision.swift in Sources */,
				2BD1B1D823697F47003C7215 /* RefreshTokenDecisionTests.swift in Sources */,
				2BD1B1DA23697F6C003C7215 /* Request.swift in Sources */,
				2BD1B1EE23699CB1003C7215 /* RetryDecision.swift in Sources */,
				2BD1B1F1236ABCDB003C7215 /* Router.swift in Sources */,
				2BD1B1E923699C6F003C7215 /* RouterTests.swift in Sources */,
				2BD1B1E423699B92003C7215 /* User.swift in Sources */,
				2BD1B1E223699B67003C7215 /* UserRequestTest.swift in Sources */,
			);
			runOnlyForDeploymentPostprocessing = 0;
		};
		2B6CB3052338C54E00770C1B /* Sources */ = {
			isa = PBXSourcesBuildPhase;
			buildActionMask = 2147483647;
			files = (
				2B6CB35D2338D20500770C1B /* APIError.swift in Sources */,
				2B6CB3592338CF2800770C1B /* APILogger.swift in Sources */,
				2B0537AF2345CC280014F83E /* ApiManager.swift in Sources */,
				2B6CB30D2338C54E00770C1B /* AppDelegate.swift in Sources */,
				2B0B99E4234354E600E68B7F /* BadResponseStatusCodeDecision.swift in Sources */,
				2B0A77A9235FFB4D000554CE /* BaseResponse.swift in Sources */,
				2B0C54B9237EB4AC00F99058 /* BuildRequestDecision.swift in Sources */,
				2B0B99DB234305F300E68B7F /* Decision.swift in Sources */,
				2B6CB3612338DB4D00770C1B /* Decisions.swift in Sources */,
				2B0537AD2345CC220014F83E /* Encodable + Extention.swift in Sources */,
				2B6CB3572338CF2800770C1B /* HTTPTask.swift in Sources */,
				2B6CB3562338CF2800770C1B /* NetworkRouter.swift in Sources */,
				2B6CB3412338CF2800770C1B /* ParameterEncoding.swift in Sources */,
				2B0B99E02343419500E68B7F /* ParseResultDecision.swift in Sources */,
				2B0B99E22343508400E68B7F /* RefreshTokenDecision.swift in Sources */,
				2B6CB35B2338CF2800770C1B /* Request.swift in Sources */,
				2B0B99DE2343417F00E68B7F /* RetryDecision.swift in Sources */,
				2B6CB3582338CF2800770C1B /* Router.swift in Sources */,
				2B6CB30F2338C54E00770C1B /* SceneDelegate.swift in Sources */,
				2B0C54BB237EBEDE00F99058 /* SendRequestDecision.swift in Sources */,
				2B0A77AC235FFCCC000554CE /* User.swift in Sources */,
				2B0A77AE235FFCF4000554CE /* UserRequest.swift in Sources */,
				2B6CB3112338C54E00770C1B /* ViewController.swift in Sources */,
			);
			runOnlyForDeploymentPostprocessing = 0;
		};
/* End PBXSourcesBuildPhase section */

/* Begin PBXTargetDependency section */
		2B0C545A237E887700F99058 /* PBXTargetDependency */ = {
			isa = PBXTargetDependency;
			target = 2B0C544E237E887700F99058 /* FriedTofu */;
			targetProxy = 2B0C5459237E887700F99058 /* PBXContainerItemProxy */;
		};
		2B0C545C237E887700F99058 /* PBXTargetDependency */ = {
			isa = PBXTargetDependency;
			target = 2B6CB3082338C54E00770C1B /* ComponentNetworkRouterDemo */;
			targetProxy = 2B0C545B237E887700F99058 /* PBXContainerItemProxy */;
		};
		2B0C5463237E887700F99058 /* PBXTargetDependency */ = {
			isa = PBXTargetDependency;
			target = 2B0C544E237E887700F99058 /* FriedTofu */;
			targetProxy = 2B0C5462237E887700F99058 /* PBXContainerItemProxy */;
		};
		2B6A757D235EF82C00E50ADE /* PBXTargetDependency */ = {
			isa = PBXTargetDependency;
			target = 2B6CB3082338C54E00770C1B /* ComponentNetworkRouterDemo */;
			targetProxy = 2B6A757C235EF82C00E50ADE /* PBXContainerItemProxy */;
		};
/* End PBXTargetDependency section */

/* Begin PBXVariantGroup section */
		2B0C5488237E92D600F99058 /* Main.storyboard */ = {
			isa = PBXVariantGroup;
			children = (
				2B0C5489237E92D600F99058 /* Base */,
			);
			name = Main.storyboard;
			sourceTree = "<group>";
		};
		2B0C548D237E92D700F99058 /* LaunchScreen.storyboard */ = {
			isa = PBXVariantGroup;
			children = (
				2B0C548E237E92D700F99058 /* Base */,
			);
			name = LaunchScreen.storyboard;
			sourceTree = "<group>";
		};
		2B6CB3122338C54E00770C1B /* Main.storyboard */ = {
			isa = PBXVariantGroup;
			children = (
				2B6CB3132338C54E00770C1B /* Base */,
			);
			name = Main.storyboard;
			sourceTree = "<group>";
		};
		2B6CB3172338C54F00770C1B /* LaunchScreen.storyboard */ = {
			isa = PBXVariantGroup;
			children = (
				2B6CB3182338C54F00770C1B /* Base */,
			);
			name = LaunchScreen.storyboard;
			sourceTree = "<group>";
		};
/* End PBXVariantGroup section */

/* Begin XCBuildConfiguration section */
		2B0C5467237E887700F99058 /* Debug */ = {
			isa = XCBuildConfiguration;
			buildSettings = {
				CODE_SIGN_STYLE = Automatic;
				CURRENT_PROJECT_VERSION = 1;
				DEFINES_MODULE = YES;
				DEVELOPMENT_TEAM = BLGFD4U72P;
				DYLIB_COMPATIBILITY_VERSION = 1;
				DYLIB_CURRENT_VERSION = 1;
				DYLIB_INSTALL_NAME_BASE = "@rpath";
				INFOPLIST_FILE = FriedTofu/Info.plist;
				INSTALL_PATH = "$(LOCAL_LIBRARY_DIR)/Frameworks";
				IPHONEOS_DEPLOYMENT_TARGET = 13.1;
				LD_RUNPATH_SEARCH_PATHS = (
					"$(inherited)",
					"@executable_path/Frameworks",
					"@loader_path/Frameworks",
				);
				PRODUCT_BUNDLE_IDENTIFIER = com.rk.FriedTofu;
				PRODUCT_NAME = "$(TARGET_NAME:c99extidentifier)";
				SKIP_INSTALL = YES;
				SWIFT_VERSION = 5.0;
				TARGETED_DEVICE_FAMILY = "1,2";
				VERSIONING_SYSTEM = "apple-generic";
				VERSION_INFO_PREFIX = "";
			};
			name = Debug;
		};
		2B0C5468237E887700F99058 /* Release */ = {
			isa = XCBuildConfiguration;
			buildSettings = {
				CODE_SIGN_STYLE = Automatic;
				CURRENT_PROJECT_VERSION = 1;
				DEFINES_MODULE = YES;
				DEVELOPMENT_TEAM = BLGFD4U72P;
				DYLIB_COMPATIBILITY_VERSION = 1;
				DYLIB_CURRENT_VERSION = 1;
				DYLIB_INSTALL_NAME_BASE = "@rpath";
				INFOPLIST_FILE = FriedTofu/Info.plist;
				INSTALL_PATH = "$(LOCAL_LIBRARY_DIR)/Frameworks";
				IPHONEOS_DEPLOYMENT_TARGET = 13.1;
				LD_RUNPATH_SEARCH_PATHS = (
					"$(inherited)",
					"@executable_path/Frameworks",
					"@loader_path/Frameworks",
				);
				PRODUCT_BUNDLE_IDENTIFIER = com.rk.FriedTofu;
				PRODUCT_NAME = "$(TARGET_NAME:c99extidentifier)";
				SKIP_INSTALL = YES;
				SWIFT_VERSION = 5.0;
				TARGETED_DEVICE_FAMILY = "1,2";
				VERSIONING_SYSTEM = "apple-generic";
				VERSION_INFO_PREFIX = "";
			};
			name = Release;
		};
		2B0C5469237E887700F99058 /* Debug */ = {
			isa = XCBuildConfiguration;
			buildSettings = {
				ALWAYS_EMBED_SWIFT_STANDARD_LIBRARIES = YES;
				CODE_SIGN_STYLE = Automatic;
				DEVELOPMENT_TEAM = BLGFD4U72P;
				INFOPLIST_FILE = FriedTofuTests/Info.plist;
				IPHONEOS_DEPLOYMENT_TARGET = 13.1;
				LD_RUNPATH_SEARCH_PATHS = (
					"$(inherited)",
					"@executable_path/Frameworks",
					"@loader_path/Frameworks",
				);
				PRODUCT_BUNDLE_IDENTIFIER = com.rk.FriedTofuTests;
				PRODUCT_NAME = "$(TARGET_NAME)";
				SWIFT_VERSION = 5.0;
				TARGETED_DEVICE_FAMILY = "1,2";
				TEST_HOST = "$(BUILT_PRODUCTS_DIR)/ComponentNetworkRouterDemo.app/ComponentNetworkRouterDemo";
			};
			name = Debug;
		};
		2B0C546A237E887700F99058 /* Release */ = {
			isa = XCBuildConfiguration;
			buildSettings = {
				ALWAYS_EMBED_SWIFT_STANDARD_LIBRARIES = YES;
				CODE_SIGN_STYLE = Automatic;
				DEVELOPMENT_TEAM = BLGFD4U72P;
				INFOPLIST_FILE = FriedTofuTests/Info.plist;
				IPHONEOS_DEPLOYMENT_TARGET = 13.1;
				LD_RUNPATH_SEARCH_PATHS = (
					"$(inherited)",
					"@executable_path/Frameworks",
					"@loader_path/Frameworks",
				);
				PRODUCT_BUNDLE_IDENTIFIER = com.rk.FriedTofuTests;
				PRODUCT_NAME = "$(TARGET_NAME)";
				SWIFT_VERSION = 5.0;
				TARGETED_DEVICE_FAMILY = "1,2";
				TEST_HOST = "$(BUILT_PRODUCTS_DIR)/ComponentNetworkRouterDemo.app/ComponentNetworkRouterDemo";
			};
			name = Release;
		};
		2B0C5492237E92D700F99058 /* Debug */ = {
			isa = XCBuildConfiguration;
			buildSettings = {
				ASSETCATALOG_COMPILER_APPICON_NAME = AppIcon;
				CODE_SIGN_STYLE = Automatic;
				DEVELOPMENT_TEAM = BLGFD4U72P;
				INFOPLIST_FILE = FriedTofuTestTarget/Info.plist;
				IPHONEOS_DEPLOYMENT_TARGET = 13.1;
				LD_RUNPATH_SEARCH_PATHS = (
					"$(inherited)",
					"@executable_path/Frameworks",
				);
				PRODUCT_BUNDLE_IDENTIFIER = com.rk.FriedTofuTestTarget;
				PRODUCT_NAME = "$(TARGET_NAME)";
				SWIFT_VERSION = 5.0;
				TARGETED_DEVICE_FAMILY = "1,2";
			};
			name = Debug;
		};
		2B0C5493237E92D700F99058 /* Release */ = {
			isa = XCBuildConfiguration;
			buildSettings = {
				ASSETCATALOG_COMPILER_APPICON_NAME = AppIcon;
				CODE_SIGN_STYLE = Automatic;
				DEVELOPMENT_TEAM = BLGFD4U72P;
				INFOPLIST_FILE = FriedTofuTestTarget/Info.plist;
				IPHONEOS_DEPLOYMENT_TARGET = 13.1;
				LD_RUNPATH_SEARCH_PATHS = (
					"$(inherited)",
					"@executable_path/Frameworks",
				);
				PRODUCT_BUNDLE_IDENTIFIER = com.rk.FriedTofuTestTarget;
				PRODUCT_NAME = "$(TARGET_NAME)";
				SWIFT_VERSION = 5.0;
				TARGETED_DEVICE_FAMILY = "1,2";
			};
			name = Release;
		};
		2B6A757E235EF82C00E50ADE /* Debug */ = {
			isa = XCBuildConfiguration;
			buildSettings = {
				BUNDLE_LOADER = "$(TEST_HOST)";
				CODE_SIGN_STYLE = Automatic;
				DEFINES_MODULE = YES;
				DEVELOPMENT_TEAM = BLGFD4U72P;
				INFOPLIST_FILE = ComponentNetworkRouterDemoTests/Info.plist;
				IPHONEOS_DEPLOYMENT_TARGET = 13.0;
				LD_RUNPATH_SEARCH_PATHS = (
					"$(inherited)",
					"@executable_path/Frameworks",
					"@loader_path/Frameworks",
				);
				PRODUCT_BUNDLE_IDENTIFIER = com.rk.ComponentNetworkRouterDemoTests;
				PRODUCT_NAME = "$(TARGET_NAME)";
				SWIFT_VERSION = 5.0;
				TARGETED_DEVICE_FAMILY = "1,2";
				TEST_HOST = "$(BUILT_PRODUCTS_DIR)/ComponentNetworkRouterDemo.app/ComponentNetworkRouterDemo";
			};
			name = Debug;
		};
		2B6A757F235EF82C00E50ADE /* Release */ = {
			isa = XCBuildConfiguration;
			buildSettings = {
				BUNDLE_LOADER = "$(TEST_HOST)";
				CODE_SIGN_STYLE = Automatic;
				DEFINES_MODULE = YES;
				DEVELOPMENT_TEAM = BLGFD4U72P;
				INFOPLIST_FILE = ComponentNetworkRouterDemoTests/Info.plist;
				IPHONEOS_DEPLOYMENT_TARGET = 13.0;
				LD_RUNPATH_SEARCH_PATHS = (
					"$(inherited)",
					"@executable_path/Frameworks",
					"@loader_path/Frameworks",
				);
				PRODUCT_BUNDLE_IDENTIFIER = com.rk.ComponentNetworkRouterDemoTests;
				PRODUCT_NAME = "$(TARGET_NAME)";
				SWIFT_VERSION = 5.0;
				TARGETED_DEVICE_FAMILY = "1,2";
				TEST_HOST = "$(BUILT_PRODUCTS_DIR)/ComponentNetworkRouterDemo.app/ComponentNetworkRouterDemo";
			};
			name = Release;
		};
		2B6CB31B2338C54F00770C1B /* Debug */ = {
			isa = XCBuildConfiguration;
			buildSettings = {
				ALWAYS_SEARCH_USER_PATHS = NO;
				CLANG_ANALYZER_NONNULL = YES;
				CLANG_ANALYZER_NUMBER_OBJECT_CONVERSION = YES_AGGRESSIVE;
				CLANG_CXX_LANGUAGE_STANDARD = "gnu++14";
				CLANG_CXX_LIBRARY = "libc++";
				CLANG_ENABLE_MODULES = YES;
				CLANG_ENABLE_OBJC_ARC = YES;
				CLANG_ENABLE_OBJC_WEAK = YES;
				CLANG_WARN_BLOCK_CAPTURE_AUTORELEASING = YES;
				CLANG_WARN_BOOL_CONVERSION = YES;
				CLANG_WARN_COMMA = YES;
				CLANG_WARN_CONSTANT_CONVERSION = YES;
				CLANG_WARN_DEPRECATED_OBJC_IMPLEMENTATIONS = YES;
				CLANG_WARN_DIRECT_OBJC_ISA_USAGE = YES_ERROR;
				CLANG_WARN_DOCUMENTATION_COMMENTS = YES;
				CLANG_WARN_EMPTY_BODY = YES;
				CLANG_WARN_ENUM_CONVERSION = YES;
				CLANG_WARN_INFINITE_RECURSION = YES;
				CLANG_WARN_INT_CONVERSION = YES;
				CLANG_WARN_NON_LITERAL_NULL_CONVERSION = YES;
				CLANG_WARN_OBJC_IMPLICIT_RETAIN_SELF = YES;
				CLANG_WARN_OBJC_LITERAL_CONVERSION = YES;
				CLANG_WARN_OBJC_ROOT_CLASS = YES_ERROR;
				CLANG_WARN_RANGE_LOOP_ANALYSIS = YES;
				CLANG_WARN_STRICT_PROTOTYPES = YES;
				CLANG_WARN_SUSPICIOUS_MOVE = YES;
				CLANG_WARN_UNGUARDED_AVAILABILITY = YES_AGGRESSIVE;
				CLANG_WARN_UNREACHABLE_CODE = YES;
				CLANG_WARN__DUPLICATE_METHOD_MATCH = YES;
				COPY_PHASE_STRIP = NO;
				DEBUG_INFORMATION_FORMAT = dwarf;
				DEFINES_MODULE = YES;
				ENABLE_STRICT_OBJC_MSGSEND = YES;
				ENABLE_TESTABILITY = YES;
				GCC_C_LANGUAGE_STANDARD = gnu11;
				GCC_DYNAMIC_NO_PIC = NO;
				GCC_NO_COMMON_BLOCKS = YES;
				GCC_OPTIMIZATION_LEVEL = 0;
				GCC_PREPROCESSOR_DEFINITIONS = (
					"DEBUG=1",
					"$(inherited)",
				);
				GCC_WARN_64_TO_32_BIT_CONVERSION = YES;
				GCC_WARN_ABOUT_RETURN_TYPE = YES_ERROR;
				GCC_WARN_UNDECLARED_SELECTOR = YES;
				GCC_WARN_UNINITIALIZED_AUTOS = YES_AGGRESSIVE;
				GCC_WARN_UNUSED_FUNCTION = YES;
				GCC_WARN_UNUSED_VARIABLE = YES;
				IPHONEOS_DEPLOYMENT_TARGET = 13.0;
				MTL_ENABLE_DEBUG_INFO = INCLUDE_SOURCE;
				MTL_FAST_MATH = YES;
				ONLY_ACTIVE_ARCH = YES;
				SDKROOT = iphoneos;
				SWIFT_ACTIVE_COMPILATION_CONDITIONS = DEBUG;
				SWIFT_OPTIMIZATION_LEVEL = "-Onone";
			};
			name = Debug;
		};
		2B6CB31C2338C54F00770C1B /* Release */ = {
			isa = XCBuildConfiguration;
			buildSettings = {
				ALWAYS_SEARCH_USER_PATHS = NO;
				CLANG_ANALYZER_NONNULL = YES;
				CLANG_ANALYZER_NUMBER_OBJECT_CONVERSION = YES_AGGRESSIVE;
				CLANG_CXX_LANGUAGE_STANDARD = "gnu++14";
				CLANG_CXX_LIBRARY = "libc++";
				CLANG_ENABLE_MODULES = YES;
				CLANG_ENABLE_OBJC_ARC = YES;
				CLANG_ENABLE_OBJC_WEAK = YES;
				CLANG_WARN_BLOCK_CAPTURE_AUTORELEASING = YES;
				CLANG_WARN_BOOL_CONVERSION = YES;
				CLANG_WARN_COMMA = YES;
				CLANG_WARN_CONSTANT_CONVERSION = YES;
				CLANG_WARN_DEPRECATED_OBJC_IMPLEMENTATIONS = YES;
				CLANG_WARN_DIRECT_OBJC_ISA_USAGE = YES_ERROR;
				CLANG_WARN_DOCUMENTATION_COMMENTS = YES;
				CLANG_WARN_EMPTY_BODY = YES;
				CLANG_WARN_ENUM_CONVERSION = YES;
				CLANG_WARN_INFINITE_RECURSION = YES;
				CLANG_WARN_INT_CONVERSION = YES;
				CLANG_WARN_NON_LITERAL_NULL_CONVERSION = YES;
				CLANG_WARN_OBJC_IMPLICIT_RETAIN_SELF = YES;
				CLANG_WARN_OBJC_LITERAL_CONVERSION = YES;
				CLANG_WARN_OBJC_ROOT_CLASS = YES_ERROR;
				CLANG_WARN_RANGE_LOOP_ANALYSIS = YES;
				CLANG_WARN_STRICT_PROTOTYPES = YES;
				CLANG_WARN_SUSPICIOUS_MOVE = YES;
				CLANG_WARN_UNGUARDED_AVAILABILITY = YES_AGGRESSIVE;
				CLANG_WARN_UNREACHABLE_CODE = YES;
				CLANG_WARN__DUPLICATE_METHOD_MATCH = YES;
				COPY_PHASE_STRIP = NO;
				DEBUG_INFORMATION_FORMAT = "dwarf-with-dsym";
				DEFINES_MODULE = YES;
				ENABLE_NS_ASSERTIONS = NO;
				ENABLE_STRICT_OBJC_MSGSEND = YES;
				ENABLE_TESTABILITY = YES;
				GCC_C_LANGUAGE_STANDARD = gnu11;
				GCC_NO_COMMON_BLOCKS = YES;
				GCC_WARN_64_TO_32_BIT_CONVERSION = YES;
				GCC_WARN_ABOUT_RETURN_TYPE = YES_ERROR;
				GCC_WARN_UNDECLARED_SELECTOR = YES;
				GCC_WARN_UNINITIALIZED_AUTOS = YES_AGGRESSIVE;
				GCC_WARN_UNUSED_FUNCTION = YES;
				GCC_WARN_UNUSED_VARIABLE = YES;
				IPHONEOS_DEPLOYMENT_TARGET = 13.0;
				MTL_ENABLE_DEBUG_INFO = NO;
				MTL_FAST_MATH = YES;
				SDKROOT = iphoneos;
				SWIFT_COMPILATION_MODE = wholemodule;
				SWIFT_OPTIMIZATION_LEVEL = "-O";
				VALIDATE_PRODUCT = YES;
			};
			name = Release;
		};
		2B6CB31E2338C54F00770C1B /* Debug */ = {
			isa = XCBuildConfiguration;
			buildSettings = {
				ALWAYS_EMBED_SWIFT_STANDARD_LIBRARIES = YES;
				ASSETCATALOG_COMPILER_APPICON_NAME = AppIcon;
				CODE_SIGN_STYLE = Automatic;
				DEVELOPMENT_TEAM = BLGFD4U72P;
				ENABLE_BITCODE = NO;
				INFOPLIST_FILE = ComponentNetworkRouterDemo/Info.plist;
				IPHONEOS_DEPLOYMENT_TARGET = 13.0;
				LD_RUNPATH_SEARCH_PATHS = (
					"$(inherited)",
					"@executable_path/Frameworks",
				);
				PRODUCT_BUNDLE_IDENTIFIER = com.rickhung76.ComponentNetworkRouterDemo;
				PRODUCT_NAME = "$(TARGET_NAME)";
				SWIFT_VERSION = 5.0;
				TARGETED_DEVICE_FAMILY = "1,2";
			};
			name = Debug;
		};
		2B6CB31F2338C54F00770C1B /* Release */ = {
			isa = XCBuildConfiguration;
			buildSettings = {
				ALWAYS_EMBED_SWIFT_STANDARD_LIBRARIES = YES;
				ASSETCATALOG_COMPILER_APPICON_NAME = AppIcon;
				CODE_SIGN_STYLE = Automatic;
				DEVELOPMENT_TEAM = BLGFD4U72P;
				ENABLE_BITCODE = NO;
				INFOPLIST_FILE = ComponentNetworkRouterDemo/Info.plist;
				IPHONEOS_DEPLOYMENT_TARGET = 13.0;
				LD_RUNPATH_SEARCH_PATHS = (
					"$(inherited)",
					"@executable_path/Frameworks",
				);
				PRODUCT_BUNDLE_IDENTIFIER = com.rickhung76.ComponentNetworkRouterDemo;
				PRODUCT_NAME = "$(TARGET_NAME)";
				SWIFT_VERSION = 5.0;
				TARGETED_DEVICE_FAMILY = "1,2";
			};
			name = Release;
		};
/* End XCBuildConfiguration section */

/* Begin XCConfigurationList section */
		2B0C546B237E887700F99058 /* Build configuration list for PBXNativeTarget "FriedTofu" */ = {
			isa = XCConfigurationList;
			buildConfigurations = (
				2B0C5467237E887700F99058 /* Debug */,
				2B0C5468237E887700F99058 /* Release */,
			);
			defaultConfigurationIsVisible = 0;
			defaultConfigurationName = Release;
		};
		2B0C546C237E887700F99058 /* Build configuration list for PBXNativeTarget "FriedTofuTests" */ = {
			isa = XCConfigurationList;
			buildConfigurations = (
				2B0C5469237E887700F99058 /* Debug */,
				2B0C546A237E887700F99058 /* Release */,
			);
			defaultConfigurationIsVisible = 0;
			defaultConfigurationName = Release;
		};
		2B0C5491237E92D700F99058 /* Build configuration list for PBXNativeTarget "FriedTofuTestTarget" */ = {
			isa = XCConfigurationList;
			buildConfigurations = (
				2B0C5492237E92D700F99058 /* Debug */,
				2B0C5493237E92D700F99058 /* Release */,
			);
			defaultConfigurationIsVisible = 0;
			defaultConfigurationName = Release;
		};
		2B6A7580235EF82C00E50ADE /* Build configuration list for PBXNativeTarget "ComponentNetworkRouterDemoTests" */ = {
			isa = XCConfigurationList;
			buildConfigurations = (
				2B6A757E235EF82C00E50ADE /* Debug */,
				2B6A757F235EF82C00E50ADE /* Release */,
			);
			defaultConfigurationIsVisible = 0;
			defaultConfigurationName = Release;
		};
		2B6CB3042338C54E00770C1B /* Build configuration list for PBXProject "ComponentNetworkRouterDemo" */ = {
			isa = XCConfigurationList;
			buildConfigurations = (
				2B6CB31B2338C54F00770C1B /* Debug */,
				2B6CB31C2338C54F00770C1B /* Release */,
			);
			defaultConfigurationIsVisible = 0;
			defaultConfigurationName = Release;
		};
		2B6CB31D2338C54F00770C1B /* Build configuration list for PBXNativeTarget "ComponentNetworkRouterDemo" */ = {
			isa = XCConfigurationList;
			buildConfigurations = (
				2B6CB31E2338C54F00770C1B /* Debug */,
				2B6CB31F2338C54F00770C1B /* Release */,
			);
			defaultConfigurationIsVisible = 0;
			defaultConfigurationName = Release;
		};
/* End XCConfigurationList section */
	};
	rootObject = 2B6CB3012338C54E00770C1B /* Project object */;
}
