// !$*UTF8*$!
{
	archiveVersion = 1;
	classes = {
	};
	objectVersion = 50;
	objects = {

/* Begin PBXBuildFile section */
		2B0B99DB234305F300E68B7F /* Decision.swift in Sources */ = {isa = PBXBuildFile; fileRef = 2B0B99DA234305F300E68B7F /* Decision.swift */; };
		2B0B99DE2343417F00E68B7F /* RetryDecision.swift in Sources */ = {isa = PBXBuildFile; fileRef = 2B0B99DD2343417F00E68B7F /* RetryDecision.swift */; };
		2B0B99E02343419500E68B7F /* ParseResultDecision.swift in Sources */ = {isa = PBXBuildFile; fileRef = 2B0B99DF2343419500E68B7F /* ParseResultDecision.swift */; };
		2B0B99E22343508400E68B7F /* RefreshTokenDecision.swift in Sources */ = {isa = PBXBuildFile; fileRef = 2B0B99E12343508400E68B7F /* RefreshTokenDecision.swift */; };
		2B0B99E4234354E600E68B7F /* BadResponseStatusCodeDecision.swift in Sources */ = {isa = PBXBuildFile; fileRef = 2B0B99E3234354E600E68B7F /* BadResponseStatusCodeDecision.swift */; };
		2B6CB30D2338C54E00770C1B /* AppDelegate.swift in Sources */ = {isa = PBXBuildFile; fileRef = 2B6CB30C2338C54E00770C1B /* AppDelegate.swift */; };
		2B6CB30F2338C54E00770C1B /* SceneDelegate.swift in Sources */ = {isa = PBXBuildFile; fileRef = 2B6CB30E2338C54E00770C1B /* SceneDelegate.swift */; };
		2B6CB3112338C54E00770C1B /* ViewController.swift in Sources */ = {isa = PBXBuildFile; fileRef = 2B6CB3102338C54E00770C1B /* ViewController.swift */; };
		2B6CB3142338C54E00770C1B /* Main.storyboard in Resources */ = {isa = PBXBuildFile; fileRef = 2B6CB3122338C54E00770C1B /* Main.storyboard */; };
		2B6CB3162338C54F00770C1B /* Assets.xcassets in Resources */ = {isa = PBXBuildFile; fileRef = 2B6CB3152338C54F00770C1B /* Assets.xcassets */; };
		2B6CB3192338C54F00770C1B /* LaunchScreen.storyboard in Resources */ = {isa = PBXBuildFile; fileRef = 2B6CB3172338C54F00770C1B /* LaunchScreen.storyboard */; };
		2B6CB3412338CF2800770C1B /* ParameterEncoding.swift in Sources */ = {isa = PBXBuildFile; fileRef = 2B6CB3232338CF2800770C1B /* ParameterEncoding.swift */; };
		2B6CB3562338CF2800770C1B /* NetworkRouter.swift in Sources */ = {isa = PBXBuildFile; fileRef = 2B6CB33A2338CF2800770C1B /* NetworkRouter.swift */; };
		2B6CB3572338CF2800770C1B /* HTTPTask.swift in Sources */ = {isa = PBXBuildFile; fileRef = 2B6CB33B2338CF2800770C1B /* HTTPTask.swift */; };
		2B6CB3582338CF2800770C1B /* Router.swift in Sources */ = {isa = PBXBuildFile; fileRef = 2B6CB33C2338CF2800770C1B /* Router.swift */; };
		2B6CB3592338CF2800770C1B /* APILogger.swift in Sources */ = {isa = PBXBuildFile; fileRef = 2B6CB33D2338CF2800770C1B /* APILogger.swift */; };
		2B6CB35B2338CF2800770C1B /* Request.swift in Sources */ = {isa = PBXBuildFile; fileRef = 2B6CB33F2338CF2800770C1B /* Request.swift */; };
		2B6CB35D2338D20500770C1B /* APIError.swift in Sources */ = {isa = PBXBuildFile; fileRef = 2B6CB35C2338D20500770C1B /* APIError.swift */; };
		2B6CB3612338DB4D00770C1B /* Decisions.swift in Sources */ = {isa = PBXBuildFile; fileRef = 2B6CB3602338DB4D00770C1B /* Decisions.swift */; };
/* End PBXBuildFile section */

/* Begin PBXFileReference section */
		2B0B99DA234305F300E68B7F /* Decision.swift */ = {isa = PBXFileReference; lastKnownFileType = sourcecode.swift; path = Decision.swift; sourceTree = "<group>"; };
		2B0B99DD2343417F00E68B7F /* RetryDecision.swift */ = {isa = PBXFileReference; lastKnownFileType = sourcecode.swift; path = RetryDecision.swift; sourceTree = "<group>"; };
		2B0B99DF2343419500E68B7F /* ParseResultDecision.swift */ = {isa = PBXFileReference; lastKnownFileType = sourcecode.swift; path = ParseResultDecision.swift; sourceTree = "<group>"; };
		2B0B99E12343508400E68B7F /* RefreshTokenDecision.swift */ = {isa = PBXFileReference; lastKnownFileType = sourcecode.swift; path = RefreshTokenDecision.swift; sourceTree = "<group>"; };
		2B0B99E3234354E600E68B7F /* BadResponseStatusCodeDecision.swift */ = {isa = PBXFileReference; lastKnownFileType = sourcecode.swift; path = BadResponseStatusCodeDecision.swift; sourceTree = "<group>"; };
		2B6CB3092338C54E00770C1B /* ComponentNetworkRouterDemo.app */ = {isa = PBXFileReference; explicitFileType = wrapper.application; includeInIndex = 0; path = ComponentNetworkRouterDemo.app; sourceTree = BUILT_PRODUCTS_DIR; };
		2B6CB30C2338C54E00770C1B /* AppDelegate.swift */ = {isa = PBXFileReference; lastKnownFileType = sourcecode.swift; path = AppDelegate.swift; sourceTree = "<group>"; };
		2B6CB30E2338C54E00770C1B /* SceneDelegate.swift */ = {isa = PBXFileReference; lastKnownFileType = sourcecode.swift; path = SceneDelegate.swift; sourceTree = "<group>"; };
		2B6CB3102338C54E00770C1B /* ViewController.swift */ = {isa = PBXFileReference; lastKnownFileType = sourcecode.swift; path = ViewController.swift; sourceTree = "<group>"; };
		2B6CB3132338C54E00770C1B /* Base */ = {isa = PBXFileReference; lastKnownFileType = file.storyboard; name = Base; path = Base.lproj/Main.storyboard; sourceTree = "<group>"; };
		2B6CB3152338C54F00770C1B /* Assets.xcassets */ = {isa = PBXFileReference; lastKnownFileType = folder.assetcatalog; path = Assets.xcassets; sourceTree = "<group>"; };
		2B6CB3182338C54F00770C1B /* Base */ = {isa = PBXFileReference; lastKnownFileType = file.storyboard; name = Base; path = Base.lproj/LaunchScreen.storyboard; sourceTree = "<group>"; };
		2B6CB31A2338C54F00770C1B /* Info.plist */ = {isa = PBXFileReference; lastKnownFileType = text.plist.xml; path = Info.plist; sourceTree = "<group>"; };
		2B6CB3212338CF2800770C1B /* P6APIManager.swift */ = {isa = PBXFileReference; fileEncoding = 4; lastKnownFileType = sourcecode.swift; path = P6APIManager.swift; sourceTree = "<group>"; };
		2B6CB3232338CF2800770C1B /* ParameterEncoding.swift */ = {isa = PBXFileReference; fileEncoding = 4; lastKnownFileType = sourcecode.swift; path = ParameterEncoding.swift; sourceTree = "<group>"; };
		2B6CB32C2338CF2800770C1B /* BaseResponse.swift */ = {isa = PBXFileReference; fileEncoding = 4; lastKnownFileType = sourcecode.swift; path = BaseResponse.swift; sourceTree = "<group>"; };
		2B6CB3302338CF2800770C1B /* Version.swift */ = {isa = PBXFileReference; fileEncoding = 4; lastKnownFileType = sourcecode.swift; path = Version.swift; sourceTree = "<group>"; };
		2B6CB3382338CF2800770C1B /* P6APIEndPoint.swift */ = {isa = PBXFileReference; fileEncoding = 4; lastKnownFileType = sourcecode.swift; path = P6APIEndPoint.swift; sourceTree = "<group>"; };
		2B6CB33A2338CF2800770C1B /* NetworkRouter.swift */ = {isa = PBXFileReference; fileEncoding = 4; lastKnownFileType = sourcecode.swift; path = NetworkRouter.swift; sourceTree = "<group>"; };
		2B6CB33B2338CF2800770C1B /* HTTPTask.swift */ = {isa = PBXFileReference; fileEncoding = 4; lastKnownFileType = sourcecode.swift; path = HTTPTask.swift; sourceTree = "<group>"; };
		2B6CB33C2338CF2800770C1B /* Router.swift */ = {isa = PBXFileReference; fileEncoding = 4; lastKnownFileType = sourcecode.swift; path = Router.swift; sourceTree = "<group>"; };
		2B6CB33D2338CF2800770C1B /* APILogger.swift */ = {isa = PBXFileReference; fileEncoding = 4; lastKnownFileType = sourcecode.swift; path = APILogger.swift; sourceTree = "<group>"; };
		2B6CB33F2338CF2800770C1B /* Request.swift */ = {isa = PBXFileReference; fileEncoding = 4; lastKnownFileType = sourcecode.swift; path = Request.swift; sourceTree = "<group>"; };
		2B6CB35C2338D20500770C1B /* APIError.swift */ = {isa = PBXFileReference; fileEncoding = 4; lastKnownFileType = sourcecode.swift; path = APIError.swift; sourceTree = "<group>"; };
		2B6CB3602338DB4D00770C1B /* Decisions.swift */ = {isa = PBXFileReference; lastKnownFileType = sourcecode.swift; path = Decisions.swift; sourceTree = "<group>"; };
/* End PBXFileReference section */

/* Begin PBXFrameworksBuildPhase section */
		2B6CB3062338C54E00770C1B /* Frameworks */ = {
			isa = PBXFrameworksBuildPhase;
			buildActionMask = 2147483647;
			files = (
			);
			runOnlyForDeploymentPostprocessing = 0;
		};
/* End PBXFrameworksBuildPhase section */

/* Begin PBXGroup section */
		2B0B99DC2343415A00E68B7F /* Decisions */ = {
			isa = PBXGroup;
			children = (
				2B0B99E3234354E600E68B7F /* BadResponseStatusCodeDecision.swift */,
				2B0B99DF2343419500E68B7F /* ParseResultDecision.swift */,
				2B0B99E12343508400E68B7F /* RefreshTokenDecision.swift */,
				2B0B99DD2343417F00E68B7F /* RetryDecision.swift */,
			);
			path = Decisions;
			sourceTree = "<group>";
		};
		2B0B99E52344519600E68B7F /* P6 */ = {
			isa = PBXGroup;
			children = (
				2B6CB3382338CF2800770C1B /* P6APIEndPoint.swift */,
				2B6CB3212338CF2800770C1B /* P6APIManager.swift */,
				2B6CB3242338CF2800770C1B /* Models */,
			);
			path = P6;
			sourceTree = "<group>";
		};
		2B6CB3002338C54E00770C1B = {
			isa = PBXGroup;
			children = (
				2B6CB30B2338C54E00770C1B /* ComponentNetworkRouterDemo */,
				2B6CB30A2338C54E00770C1B /* Products */,
			);
			sourceTree = "<group>";
		};
		2B6CB30A2338C54E00770C1B /* Products */ = {
			isa = PBXGroup;
			children = (
				2B6CB3092338C54E00770C1B /* ComponentNetworkRouterDemo.app */,
			);
			name = Products;
			sourceTree = "<group>";
		};
		2B6CB30B2338C54E00770C1B /* ComponentNetworkRouterDemo */ = {
			isa = PBXGroup;
			children = (
				2B6CB3202338CF2800770C1B /* APIManager */,
				2B6CB30C2338C54E00770C1B /* AppDelegate.swift */,
				2B6CB30E2338C54E00770C1B /* SceneDelegate.swift */,
				2B6CB3102338C54E00770C1B /* ViewController.swift */,
				2B6CB3122338C54E00770C1B /* Main.storyboard */,
				2B6CB3152338C54F00770C1B /* Assets.xcassets */,
				2B6CB3172338C54F00770C1B /* LaunchScreen.storyboard */,
				2B6CB31A2338C54F00770C1B /* Info.plist */,
			);
			path = ComponentNetworkRouterDemo;
			sourceTree = "<group>";
		};
		2B6CB3202338CF2800770C1B /* APIManager */ = {
			isa = PBXGroup;
			children = (
				2B0B99E52344519600E68B7F /* P6 */,
				2B6CB3392338CF2800770C1B /* Service */,
			);
			path = APIManager;
			sourceTree = "<group>";
		};
		2B6CB3222338CF2800770C1B /* Static Components */ = {
			isa = PBXGroup;
			children = (
				2B0B99DA234305F300E68B7F /* Decision.swift */,
				2B6CB33B2338CF2800770C1B /* HTTPTask.swift */,
				2B6CB33A2338CF2800770C1B /* NetworkRouter.swift */,
				2B6CB3232338CF2800770C1B /* ParameterEncoding.swift */,
				2B6CB33F2338CF2800770C1B /* Request.swift */,
			);
			path = "Static Components";
			sourceTree = "<group>";
		};
		2B6CB3242338CF2800770C1B /* Models */ = {
			isa = PBXGroup;
			children = (
				2B6CB32C2338CF2800770C1B /* BaseResponse.swift */,
				2B6CB3302338CF2800770C1B /* Version.swift */,
			);
			path = Models;
			sourceTree = "<group>";
		};
		2B6CB3392338CF2800770C1B /* Service */ = {
			isa = PBXGroup;
			children = (
				2B6CB35C2338D20500770C1B /* APIError.swift */,
				2B6CB33D2338CF2800770C1B /* APILogger.swift */,
				2B6CB3602338DB4D00770C1B /* Decisions.swift */,
				2B6CB33C2338CF2800770C1B /* Router.swift */,
				2B0B99DC2343415A00E68B7F /* Decisions */,
				2B6CB3222338CF2800770C1B /* Static Components */,
			);
			path = Service;
			sourceTree = "<group>";
		};
/* End PBXGroup section */

/* Begin PBXNativeTarget section */
		2B6CB3082338C54E00770C1B /* ComponentNetworkRouterDemo */ = {
			isa = PBXNativeTarget;
			buildConfigurationList = 2B6CB31D2338C54F00770C1B /* Build configuration list for PBXNativeTarget "ComponentNetworkRouterDemo" */;
			buildPhases = (
				2B6CB3052338C54E00770C1B /* Sources */,
				2B6CB3062338C54E00770C1B /* Frameworks */,
				2B6CB3072338C54E00770C1B /* Resources */,
			);
			buildRules = (
			);
			dependencies = (
			);
			name = ComponentNetworkRouterDemo;
			productName = ComponentNetworkRouterDemo;
			productReference = 2B6CB3092338C54E00770C1B /* ComponentNetworkRouterDemo.app */;
			productType = "com.apple.product-type.application";
		};
/* End PBXNativeTarget section */

/* Begin PBXProject section */
		2B6CB3012338C54E00770C1B /* Project object */ = {
			isa = PBXProject;
			attributes = {
				LastSwiftUpdateCheck = 1100;
				LastUpgradeCheck = 1100;
				ORGANIZATIONNAME = "黃柏叡";
				TargetAttributes = {
					2B6CB3082338C54E00770C1B = {
						CreatedOnToolsVersion = 11.0;
					};
				};
			};
			buildConfigurationList = 2B6CB3042338C54E00770C1B /* Build configuration list for PBXProject "ComponentNetworkRouterDemo" */;
			compatibilityVersion = "Xcode 9.3";
			developmentRegion = en;
			hasScannedForEncodings = 0;
			knownRegions = (
				en,
				Base,
			);
			mainGroup = 2B6CB3002338C54E00770C1B;
			productRefGroup = 2B6CB30A2338C54E00770C1B /* Products */;
			projectDirPath = "";
			projectRoot = "";
			targets = (
				2B6CB3082338C54E00770C1B /* ComponentNetworkRouterDemo */,
			);
		};
/* End PBXProject section */

/* Begin PBXResourcesBuildPhase section */
		2B6CB3072338C54E00770C1B /* Resources */ = {
			isa = PBXResourcesBuildPhase;
			buildActionMask = 2147483647;
			files = (
				2B6CB3192338C54F00770C1B /* LaunchScreen.storyboard in Resources */,
				2B6CB3162338C54F00770C1B /* Assets.xcassets in Resources */,
				2B6CB3142338C54E00770C1B /* Main.storyboard in Resources */,
			);
			runOnlyForDeploymentPostprocessing = 0;
		};
/* End PBXResourcesBuildPhase section */

/* Begin PBXSourcesBuildPhase section */
		2B6CB3052338C54E00770C1B /* Sources */ = {
			isa = PBXSourcesBuildPhase;
			buildActionMask = 2147483647;
			files = (
				2B6CB3592338CF2800770C1B /* APILogger.swift in Sources */,
				2B6CB3112338C54E00770C1B /* ViewController.swift in Sources */,
				2B6CB35B2338CF2800770C1B /* Request.swift in Sources */,
				2B6CB3412338CF2800770C1B /* ParameterEncoding.swift in Sources */,
				2B0B99E4234354E600E68B7F /* BadResponseStatusCodeDecision.swift in Sources */,
				2B6CB35D2338D20500770C1B /* APIError.swift in Sources */,
				2B6CB3612338DB4D00770C1B /* Decisions.swift in Sources */,
				2B0B99DE2343417F00E68B7F /* RetryDecision.swift in Sources */,
				2B0B99DB234305F300E68B7F /* Decision.swift in Sources */,
				2B0B99E22343508400E68B7F /* RefreshTokenDecision.swift in Sources */,
				2B6CB3572338CF2800770C1B /* HTTPTask.swift in Sources */,
				2B6CB30D2338C54E00770C1B /* AppDelegate.swift in Sources */,
				2B6CB30F2338C54E00770C1B /* SceneDelegate.swift in Sources */,
				2B0B99E02343419500E68B7F /* ParseResultDecision.swift in Sources */,
				2B6CB3562338CF2800770C1B /* NetworkRouter.swift in Sources */,
				2B6CB3582338CF2800770C1B /* Router.swift in Sources */,
			);
			runOnlyForDeploymentPostprocessing = 0;
		};
/* End PBXSourcesBuildPhase section */

/* Begin PBXVariantGroup section */
		2B6CB3122338C54E00770C1B /* Main.storyboard */ = {
			isa = PBXVariantGroup;
			children = (
				2B6CB3132338C54E00770C1B /* Base */,
			);
			name = Main.storyboard;
			sourceTree = "<group>";
		};
		2B6CB3172338C54F00770C1B /* LaunchScreen.storyboard */ = {
			isa = PBXVariantGroup;
			children = (
				2B6CB3182338C54F00770C1B /* Base */,
			);
			name = LaunchScreen.storyboard;
			sourceTree = "<group>";
		};
/* End PBXVariantGroup section */

/* Begin XCBuildConfiguration section */
		2B6CB31B2338C54F00770C1B /* Debug */ = {
			isa = XCBuildConfiguration;
			buildSettings = {
				ALWAYS_SEARCH_USER_PATHS = NO;
				CLANG_ANALYZER_NONNULL = YES;
				CLANG_ANALYZER_NUMBER_OBJECT_CONVERSION = YES_AGGRESSIVE;
				CLANG_CXX_LANGUAGE_STANDARD = "gnu++14";
				CLANG_CXX_LIBRARY = "libc++";
				CLANG_ENABLE_MODULES = YES;
				CLANG_ENABLE_OBJC_ARC = YES;
				CLANG_ENABLE_OBJC_WEAK = YES;
				CLANG_WARN_BLOCK_CAPTURE_AUTORELEASING = YES;
				CLANG_WARN_BOOL_CONVERSION = YES;
				CLANG_WARN_COMMA = YES;
				CLANG_WARN_CONSTANT_CONVERSION = YES;
				CLANG_WARN_DEPRECATED_OBJC_IMPLEMENTATIONS = YES;
				CLANG_WARN_DIRECT_OBJC_ISA_USAGE = YES_ERROR;
				CLANG_WARN_DOCUMENTATION_COMMENTS = YES;
				CLANG_WARN_EMPTY_BODY = YES;
				CLANG_WARN_ENUM_CONVERSION = YES;
				CLANG_WARN_INFINITE_RECURSION = YES;
				CLANG_WARN_INT_CONVERSION = YES;
				CLANG_WARN_NON_LITERAL_NULL_CONVERSION = YES;
				CLANG_WARN_OBJC_IMPLICIT_RETAIN_SELF = YES;
				CLANG_WARN_OBJC_LITERAL_CONVERSION = YES;
				CLANG_WARN_OBJC_ROOT_CLASS = YES_ERROR;
				CLANG_WARN_RANGE_LOOP_ANALYSIS = YES;
				CLANG_WARN_STRICT_PROTOTYPES = YES;
				CLANG_WARN_SUSPICIOUS_MOVE = YES;
				CLANG_WARN_UNGUARDED_AVAILABILITY = YES_AGGRESSIVE;
				CLANG_WARN_UNREACHABLE_CODE = YES;
				CLANG_WARN__DUPLICATE_METHOD_MATCH = YES;
				COPY_PHASE_STRIP = NO;
				DEBUG_INFORMATION_FORMAT = dwarf;
				ENABLE_STRICT_OBJC_MSGSEND = YES;
				ENABLE_TESTABILITY = YES;
				GCC_C_LANGUAGE_STANDARD = gnu11;
				GCC_DYNAMIC_NO_PIC = NO;
				GCC_NO_COMMON_BLOCKS = YES;
				GCC_OPTIMIZATION_LEVEL = 0;
				GCC_PREPROCESSOR_DEFINITIONS = (
					"DEBUG=1",
					"$(inherited)",
				);
				GCC_WARN_64_TO_32_BIT_CONVERSION = YES;
				GCC_WARN_ABOUT_RETURN_TYPE = YES_ERROR;
				GCC_WARN_UNDECLARED_SELECTOR = YES;
				GCC_WARN_UNINITIALIZED_AUTOS = YES_AGGRESSIVE;
				GCC_WARN_UNUSED_FUNCTION = YES;
				GCC_WARN_UNUSED_VARIABLE = YES;
				IPHONEOS_DEPLOYMENT_TARGET = 13.0;
				MTL_ENABLE_DEBUG_INFO = INCLUDE_SOURCE;
				MTL_FAST_MATH = YES;
				ONLY_ACTIVE_ARCH = YES;
				SDKROOT = iphoneos;
				SWIFT_ACTIVE_COMPILATION_CONDITIONS = DEBUG;
				SWIFT_OPTIMIZATION_LEVEL = "-Onone";
			};
			name = Debug;
		};
		2B6CB31C2338C54F00770C1B /* Release */ = {
			isa = XCBuildConfiguration;
			buildSettings = {
				ALWAYS_SEARCH_USER_PATHS = NO;
				CLANG_ANALYZER_NONNULL = YES;
				CLANG_ANALYZER_NUMBER_OBJECT_CONVERSION = YES_AGGRESSIVE;
				CLANG_CXX_LANGUAGE_STANDARD = "gnu++14";
				CLANG_CXX_LIBRARY = "libc++";
				CLANG_ENABLE_MODULES = YES;
				CLANG_ENABLE_OBJC_ARC = YES;
				CLANG_ENABLE_OBJC_WEAK = YES;
				CLANG_WARN_BLOCK_CAPTURE_AUTORELEASING = YES;
				CLANG_WARN_BOOL_CONVERSION = YES;
				CLANG_WARN_COMMA = YES;
				CLANG_WARN_CONSTANT_CONVERSION = YES;
				CLANG_WARN_DEPRECATED_OBJC_IMPLEMENTATIONS = YES;
				CLANG_WARN_DIRECT_OBJC_ISA_USAGE = YES_ERROR;
				CLANG_WARN_DOCUMENTATION_COMMENTS = YES;
				CLANG_WARN_EMPTY_BODY = YES;
				CLANG_WARN_ENUM_CONVERSION = YES;
				CLANG_WARN_INFINITE_RECURSION = YES;
				CLANG_WARN_INT_CONVERSION = YES;
				CLANG_WARN_NON_LITERAL_NULL_CONVERSION = YES;
				CLANG_WARN_OBJC_IMPLICIT_RETAIN_SELF = YES;
				CLANG_WARN_OBJC_LITERAL_CONVERSION = YES;
				CLANG_WARN_OBJC_ROOT_CLASS = YES_ERROR;
				CLANG_WARN_RANGE_LOOP_ANALYSIS = YES;
				CLANG_WARN_STRICT_PROTOTYPES = YES;
				CLANG_WARN_SUSPICIOUS_MOVE = YES;
				CLANG_WARN_UNGUARDED_AVAILABILITY = YES_AGGRESSIVE;
				CLANG_WARN_UNREACHABLE_CODE = YES;
				CLANG_WARN__DUPLICATE_METHOD_MATCH = YES;
				COPY_PHASE_STRIP = NO;
				DEBUG_INFORMATION_FORMAT = "dwarf-with-dsym";
				ENABLE_NS_ASSERTIONS = NO;
				ENABLE_STRICT_OBJC_MSGSEND = YES;
				GCC_C_LANGUAGE_STANDARD = gnu11;
				GCC_NO_COMMON_BLOCKS = YES;
				GCC_WARN_64_TO_32_BIT_CONVERSION = YES;
				GCC_WARN_ABOUT_RETURN_TYPE = YES_ERROR;
				GCC_WARN_UNDECLARED_SELECTOR = YES;
				GCC_WARN_UNINITIALIZED_AUTOS = YES_AGGRESSIVE;
				GCC_WARN_UNUSED_FUNCTION = YES;
				GCC_WARN_UNUSED_VARIABLE = YES;
				IPHONEOS_DEPLOYMENT_TARGET = 13.0;
				MTL_ENABLE_DEBUG_INFO = NO;
				MTL_FAST_MATH = YES;
				SDKROOT = iphoneos;
				SWIFT_COMPILATION_MODE = wholemodule;
				SWIFT_OPTIMIZATION_LEVEL = "-O";
				VALIDATE_PRODUCT = YES;
			};
			name = Release;
		};
		2B6CB31E2338C54F00770C1B /* Debug */ = {
			isa = XCBuildConfiguration;
			buildSettings = {
				ASSETCATALOG_COMPILER_APPICON_NAME = AppIcon;
				CODE_SIGN_STYLE = Automatic;
				DEVELOPMENT_TEAM = BLGFD4U72P;
				INFOPLIST_FILE = ComponentNetworkRouterDemo/Info.plist;
				LD_RUNPATH_SEARCH_PATHS = (
					"$(inherited)",
					"@executable_path/Frameworks",
				);
				PRODUCT_BUNDLE_IDENTIFIER = com.rickhung76.ComponentNetworkRouterDemo;
				PRODUCT_NAME = "$(TARGET_NAME)";
				SWIFT_VERSION = 5.0;
				TARGETED_DEVICE_FAMILY = "1,2";
			};
			name = Debug;
		};
		2B6CB31F2338C54F00770C1B /* Release */ = {
			isa = XCBuildConfiguration;
			buildSettings = {
				ASSETCATALOG_COMPILER_APPICON_NAME = AppIcon;
				CODE_SIGN_STYLE = Automatic;
				DEVELOPMENT_TEAM = BLGFD4U72P;
				INFOPLIST_FILE = ComponentNetworkRouterDemo/Info.plist;
				LD_RUNPATH_SEARCH_PATHS = (
					"$(inherited)",
					"@executable_path/Frameworks",
				);
				PRODUCT_BUNDLE_IDENTIFIER = com.rickhung76.ComponentNetworkRouterDemo;
				PRODUCT_NAME = "$(TARGET_NAME)";
				SWIFT_VERSION = 5.0;
				TARGETED_DEVICE_FAMILY = "1,2";
			};
			name = Release;
		};
/* End XCBuildConfiguration section */

/* Begin XCConfigurationList section */
		2B6CB3042338C54E00770C1B /* Build configuration list for PBXProject "ComponentNetworkRouterDemo" */ = {
			isa = XCConfigurationList;
			buildConfigurations = (
				2B6CB31B2338C54F00770C1B /* Debug */,
				2B6CB31C2338C54F00770C1B /* Release */,
			);
			defaultConfigurationIsVisible = 0;
			defaultConfigurationName = Release;
		};
		2B6CB31D2338C54F00770C1B /* Build configuration list for PBXNativeTarget "ComponentNetworkRouterDemo" */ = {
			isa = XCConfigurationList;
			buildConfigurations = (
				2B6CB31E2338C54F00770C1B /* Debug */,
				2B6CB31F2338C54F00770C1B /* Release */,
			);
			defaultConfigurationIsVisible = 0;
			defaultConfigurationName = Release;
		};
/* End XCConfigurationList section */
	};
	rootObject = 2B6CB3012338C54E00770C1B /* Project object */;
}
